
Microsoft Visual Studio Solution File, Format Version 11.00
# Visual Studio 2010
Project("{FAE04EC0-301F-11D3-BF4B-00C04F79EFBC}") = "Pub.Class4.0_Mono", "Pub.Class\Pub.Class4.0_Mono.csproj", "{2AD0BF74-CE88-4004-A609-239C7EBD51BF}"
EndProject
Project("{FAE04EC0-301F-11D3-BF4B-00C04F79EFBC}") = "EntityTool4.0_Mono", "EntityTool\EntityTool4.0_Mono.csproj", "{D51BBA9F-7D58-4DFC-970D-696B3DCA2316}"
EndProject
Project("{2150E333-8FDC-42A3-9474-1A3956D46DE8}") = "Pub.Class.DB", "Pub.Class.DB", "{41B60481-3422-4037-A838-E1FCAA575EA7}"
EndProject
Project("{FAE04EC0-301F-11D3-BF4B-00C04F79EFBC}") = "Pub.Class.OleDb4.0_Mono", "Pub.Class.OleDb\Pub.Class.OleDb4.0_Mono.csproj", "{24C00348-8FF0-4A1F-95B0-6193EC79F8F4}"
EndProject
Project("{FAE04EC0-301F-11D3-BF4B-00C04F79EFBC}") = "Pub.Class.Odbc4.0_Mono", "Pub.Class.Odbc\Pub.Class.Odbc4.0_Mono.csproj", "{0DE8AB60-32FE-4099-963C-127FD2544A5A}"
EndProject
Project("{FAE04EC0-301F-11D3-BF4B-00C04F79EFBC}") = "Pub.Class.Access4.0_Mono", "Pub.Class.Access\Pub.Class.Access4.0_Mono.csproj", "{212BF800-7D04-4079-BB6B-EDEAF63D0454}"
EndProject
Project("{FAE04EC0-301F-11D3-BF4B-00C04F79EFBC}") = "Pub.Class.SqlServer4.0_Mono", "Pub.Class.SqlServer\Pub.Class.SqlServer4.0_Mono.csproj", "{FDE94D2C-3A45-4073-83EB-2A0D192DDDAF}"
EndProject
Project("{FAE04EC0-301F-11D3-BF4B-00C04F79EFBC}") = "Pub.Class.Oracle4.0_Mono", "Pub.Class.Oracle\Pub.Class.Oracle4.0_Mono.csproj", "{769A6179-E09E-44C8-8530-F6B70B02298C}"
EndProject
Project("{FAE04EC0-301F-11D3-BF4B-00C04F79EFBC}") = "Pub.Class.MySql4.0_Mono", "Pub.Class.MySql\Pub.Class.MySql4.0_Mono.csproj", "{300E2662-0C07-4042-BF45-84711264C862}"
EndProject
Project("{FAE04EC0-301F-11D3-BF4B-00C04F79EFBC}") = "Pub.Class.SQLite4.0_Mono", "Pub.Class.SQLite\Pub.Class.SQLite4.0_Mono.csproj", "{90BF1FF8-2019-477E-BA4C-9692E21BB2BA}"
EndProject
Project("{FAE04EC0-301F-11D3-BF4B-00C04F79EFBC}") = "Pub.Class.Mongodb4.0_Mono", "Pub.Class.Mongodb\Pub.Class.Mongodb4.0_Mono.csproj", "{D405343F-156A-43C8-84DB-9B5F45ED3D0D}"
EndProject
Project("{2150E333-8FDC-42A3-9474-1A3956D46DE8}") = "Pub.Class.Excel", "Pub.Class.Excel", "{45DC8A16-3686-462F-8C09-BD71A14736E8}"
EndProject
Project("{FAE04EC0-301F-11D3-BF4B-00C04F79EFBC}") = "Pub.Class.Excel.COM4.0_Mono", "Pub.Class.Excel.COM\Pub.Class.Excel.COM4.0_Mono.csproj", "{093040B8-F352-40EE-8163-D9861932C3AC}"
EndProject
Project("{FAE04EC0-301F-11D3-BF4B-00C04F79EFBC}") = "Pub.Class.Excel.OleDb4.0_Mono", "Pub.Class.Excel.OleDb\Pub.Class.Excel.OleDb4.0_Mono.csproj", "{4173E8B6-641A-4ABF-9A38-FDCEE137C3A5}"
EndProject
Project("{FAE04EC0-301F-11D3-BF4B-00C04F79EFBC}") = "Pub.Class.Excel.MyXls4.0_Mono", "Pub.Class.Excel.MyXls\Pub.Class.Excel.MyXls4.0_Mono.csproj", "{E0DBF4F5-B3C7-4893-B4CF-4FF8EEE6260B}"
EndProject
Project("{FAE04EC0-301F-11D3-BF4B-00C04F79EFBC}") = "Pub.Class.Excel.NPOI4.0_Mono", "Pub.Class.Excel.NPOI\Pub.Class.Excel.NPOI4.0_Mono.csproj", "{10A8671E-DA68-4EC9-8058-74ABD72A18C1}"
EndProject
Project("{2150E333-8FDC-42A3-9474-1A3956D46DE8}") = "Pub.Class.Cache", "Pub.Class.Cache", "{256CC5BF-8FF1-4C83-A877-EB07716EFEBC}"
EndProject
Project("{FAE04EC0-301F-11D3-BF4B-00C04F79EFBC}") = "Pub.Class.MemcachedCache4.0_Mono", "Pub.Class.MemcachedCache\Pub.Class.MemcachedCache4.0_Mono.csproj", "{A075E415-E2A9-4A87-8C02-5E55419DC3D4}"
EndProject
Project("{FAE04EC0-301F-11D3-BF4B-00C04F79EFBC}") = "Pub.Class.WebCache4.0_Mono", "Pub.Class.WebCache\Pub.Class.WebCache4.0_Mono.csproj", "{03834B3F-7A2D-4989-A7E8-FC1719BB4E24}"
EndProject
Project("{FAE04EC0-301F-11D3-BF4B-00C04F79EFBC}") = "Pub.Class.MemoryCache4.0_Mono", "Pub.Class.MemoryCache\Pub.Class.MemoryCache4.0_Mono.csproj", "{E63C4CCC-ACE3-4541-A509-997FAD330DFB}"
EndProject
Project("{FAE04EC0-301F-11D3-BF4B-00C04F79EFBC}") = "Pub.Class.VelocityCache4.0_Mono", "Pub.Class.VelocityCache\Pub.Class.VelocityCache4.0_Mono.csproj", "{28C9268B-EE44-42D0-B7F6-97FD74BDED07}"
EndProject
Project("{FAE04EC0-301F-11D3-BF4B-00C04F79EFBC}") = "Pub.Class.RedisCache4.0_Mono", "Pub.Class.RedisCache\Pub.Class.RedisCache4.0_Mono.csproj", "{841C8525-554D-4C23-93B0-1EF6BD638029}"
EndProject
Project("{FAE04EC0-301F-11D3-BF4B-00C04F79EFBC}") = "Pub.Class.AppFabricCache4.0_Mono", "Pub.Class.AppFabricCache\Pub.Class.AppFabricCache4.0_Mono.csproj", "{C5A320B4-2D73-463D-8E73-0C91349EA67F}"
EndProject
Project("{2150E333-8FDC-42A3-9474-1A3956D46DE8}") = "Pub.Class.Compress", "Pub.Class.Compress", "{A164A0EA-18B9-4E58-8DC3-43F1A7328650}"
EndProject
Project("{FAE04EC0-301F-11D3-BF4B-00C04F79EFBC}") = "Pub.Class.SharpZip4.0_Mono", "Pub.Class.SharpZip\Pub.Class.SharpZip4.0_Mono.csproj", "{86B6087A-8B3B-4C1B-8B74-5A032EB4942D}"
EndProject
Project("{FAE04EC0-301F-11D3-BF4B-00C04F79EFBC}") = "Pub.Class.WinRAR4.0_Mono", "Pub.Class.WinRAR\Pub.Class.WinRAR4.0_Mono.csproj", "{A1705AC2-CEDD-439C-A64A-384D3DA0E979}"
EndProject
Project("{FAE04EC0-301F-11D3-BF4B-00C04F79EFBC}") = "Pub.Class.IonicZip4.0_Mono", "Pub.Class.IonicZip\Pub.Class.IonicZip4.0_Mono.csproj", "{0DFA7DC8-60D2-4679-A1DB-7E8D42549747}"
EndProject
Project("{2150E333-8FDC-42A3-9474-1A3956D46DE8}") = "Pub.Class.ToSwf", "Pub.Class.ToSwf", "{B7579624-324D-4E20-8DFC-7835D76C8532}"
EndProject
Project("{FAE04EC0-301F-11D3-BF4B-00C04F79EFBC}") = "Pub.Class.ToSwf4.0_Mono", "Pub.Class.ToSwf\Pub.Class.ToSwf4.0_Mono.csproj", "{7893E7FD-E5B4-4F68-A63E-7E155CD8C976}"
EndProject
Project("{FAE04EC0-301F-11D3-BF4B-00C04F79EFBC}") = "Pub.Class.ToSwfWCF4.0_Mono", "Pub.Class.ToSwfWCF\Pub.Class.ToSwfWCF4.0_Mono.csproj", "{C9F10DCD-6BEB-480D-9E79-8F1734C6BB99}"
EndProject
Project("{FAE04EC0-301F-11D3-BF4B-00C04F79EFBC}") = "office2pdf4.0_Mono", "office2pdf\office2pdf4.0_Mono.csproj", "{13F3BAB7-27FF-4391-A0FA-B56E84A12A20}"
EndProject
Project("{FAE04EC0-301F-11D3-BF4B-00C04F79EFBC}") = "pdfbg4.0_Mono", "pdfbg\pdfbg4.0_Mono.csproj", "{00F8EF81-60F8-4027-920F-3487B984F055}"
EndProject
Project("{FAE04EC0-301F-11D3-BF4B-00C04F79EFBC}") = "multiple_threads4.0_Mono", "multiple_threads\multiple_threads4.0_Mono.csproj", "{BE63A25E-7CCC-43A0-AB97-01840F77DBD9}"
EndProject
Project("{FAE04EC0-301F-11D3-BF4B-00C04F79EFBC}") = "ToSwfService4.0_Mono", "ToSwfService\ToSwfService4.0_Mono.csproj", "{09111FCB-F5CC-48A8-9563-2023B2CD04CA}"
EndProject
Project("{FAE04EC0-301F-11D3-BF4B-00C04F79EFBC}") = "ispring2swf4.0_Mono", "ispring2swf\ispring2swf4.0_Mono.csproj", "{623E4743-2C7B-42B8-A131-A9AB98A6142D}"
EndProject
Project("{FAE04EC0-301F-11D3-BF4B-00C04F79EFBC}") = "Pub.Class.VideoShare4.0_Mono", "Pub.Class.VideoShare\Pub.Class.VideoShare4.0_Mono.csproj", "{53D2CF13-3F57-488F-AD20-0B3786B59C40}"
EndProject
Project("{FAE04EC0-301F-11D3-BF4B-00C04F79EFBC}") = "Pub.Class.URLRewriter4.0_Mono", "Pub.Class.URLRewriter\Pub.Class.URLRewriter4.0_Mono.csproj", "{EA8A2628-CE68-4162-AA1C-E28C50A22625}"
EndProject
Project("{FAE04EC0-301F-11D3-BF4B-00C04F79EFBC}") = "Pub.Class.OAuth4.0_Mono", "Pub.Class.OAuth\Pub.Class.OAuth4.0_Mono.csproj", "{BABA04F0-90FF-4C41-A802-6480B057981E}"
EndProject
Project("{2150E333-8FDC-42A3-9474-1A3956D46DE8}") = "Pub.Class.Email", "Pub.Class.Email", "{2D063CE0-D903-4CA3-BF18-0F6FF141A6BF}"
EndProject
Project("{FAE04EC0-301F-11D3-BF4B-00C04F79EFBC}") = "EmailService4.0_Mono", "EmailService\EmailService4.0_Mono.csproj", "{FB702051-BBE4-47F4-85AC-2A706C343F94}"
EndProject
Project("{FAE04EC0-301F-11D3-BF4B-00C04F79EFBC}") = "Pub.Class.Email.SmtpClient4.0_Mono", "Pub.Class.Email.SmtpClient\Pub.Class.Email.SmtpClient4.0_Mono.csproj", "{FC80573B-C17A-4CE2-9D17-95CE701E5616}"
EndProject
Project("{FAE04EC0-301F-11D3-BF4B-00C04F79EFBC}") = "Pub.Class.Email.SmtpMail4.0_Mono", "Pub.Class.Email.SmtpMail\Pub.Class.Email.SmtpMail4.0_Mono.csproj", "{AEC319D2-6DBA-468B-B6CB-C7F236FA221C}"
EndProject
Project("{FAE04EC0-301F-11D3-BF4B-00C04F79EFBC}") = "Pub.Class.Email.CDOMessage4.0_Mono", "Pub.Class.Email.CDOMessage\Pub.Class.Email.CDOMessage4.0_Mono.csproj", "{A4934B25-370A-4167-A682-D737707BAE0D}"
EndProject
Project("{FAE04EC0-301F-11D3-BF4B-00C04F79EFBC}") = "Pub.Class.Email.TcpClient4.0_Mono", "Pub.Class.Email.TcpClient\Pub.Class.Email.TcpClient4.0_Mono.csproj", "{E6108613-9857-457E-9ADA-2C6A50B68F39}"
EndProject
Project("{FAE04EC0-301F-11D3-BF4B-00C04F79EFBC}") = "Pub.Class.Email.Blat4.0_Mono", "Pub.Class.Email.Blat\Pub.Class.Email.Blat4.0_Mono.csproj", "{AD8E9164-82EC-4B0C-8D76-CE44ABED9537}"
EndProject
Project("{FAE04EC0-301F-11D3-BF4B-00C04F79EFBC}") = "SendEmailTest4.0_Mono", "SendEmailTest\SendEmailTest\SendEmailTest4.0_Mono.csproj", "{D4BCA715-8959-4DDD-9F65-BF552B2054DA}"
EndProject
Project("{FAE04EC0-301F-11D3-BF4B-00C04F79EFBC}") = "Pub.Class.Dynamic4.0_Mono", "Pub.Class.Dynamic\Pub.Class.Dynamic4.0_Mono.csproj", "{0F0E5B01-0703-46E5-94FB-E551C51D6640}"
EndProject
Project("{2150E333-8FDC-42A3-9474-1A3956D46DE8}") = "Pub.Class.Log", "Pub.Class.Log", "{DBD966AC-CCB1-40EC-97EA-47AFA55C46A6}"
EndProject
Project("{FAE04EC0-301F-11D3-BF4B-00C04F79EFBC}") = "Pub.Class.Log4Net4.0_Mono", "Pub.Class.Log4Net\Pub.Class.Log4Net4.0_Mono.csproj", "{D64E1ADD-94E8-4AE9-904C-5B2D65125F4B}"
EndProject
Project("{2150E333-8FDC-42A3-9474-1A3956D46DE8}") = "Pub.Class.Serialize", "Pub.Class.Serialize", "{A43006D0-5D9F-4845-B9F1-766113FAEEE2}"
EndProject
Project("{FAE04EC0-301F-11D3-BF4B-00C04F79EFBC}") = "Pub.Class.NewtonsoftJson4.0_Mono", "Pub.Class.NewtonsoftJson\Pub.Class.NewtonsoftJson4.0_Mono.csproj", "{5BBCC460-64CF-45F4-A24A-66E931B092BE}"
EndProject
Project("{FAE04EC0-301F-11D3-BF4B-00C04F79EFBC}") = "Pub.Class.ServiceStackText4.0_Mono", "Pub.Class.ServiceStackText\Pub.Class.ServiceStackText4.0_Mono.csproj", "{2CFFFCDF-678D-4B2B-947D-655DCCA38849}"
EndProject
Project("{FAE04EC0-301F-11D3-BF4B-00C04F79EFBC}") = "Pub.Class.MsgPack4.0_Mono", "Pub.Class.MsgPack\Pub.Class.MsgPack4.0_Mono.csproj", "{F8E80703-F60A-444E-9882-C85830136C4A}"
EndProject
Project("{FAE04EC0-301F-11D3-BF4B-00C04F79EFBC}") = "Pub.Class.Protobuf4.0_Mono", "Pub.Class.Protobuf\Pub.Class.Protobuf4.0_Mono.csproj", "{03413AF8-CCAE-48C5-BBAA-E9EB73750FAD}"
EndProject
Project("{FAE04EC0-301F-11D3-BF4B-00C04F79EFBC}") = "Pub.Class.NetSerializer4.0_Mono", "Pub.Class.NetSerializer\Pub.Class.NetSerializer4.0_Mono.csproj", "{A7AD5CE1-4F37-48B3-849C-FDD7F4682169}"
EndProject
Global
	GlobalSection(SolutionConfigurationPlatforms) = preSolution
		Debug|.NET = Debug|.NET
		Debug|Any CPU = Debug|Any CPU
		Debug|Mixed Platforms = Debug|Mixed Platforms
		Debug|x64 = Debug|x64
		Debug|x86 = Debug|x86
		Release|.NET = Release|.NET
		Release|Any CPU = Release|Any CPU
		Release|Mixed Platforms = Release|Mixed Platforms
		Release|x64 = Release|x64
		Release|x86 = Release|x86
	EndGlobalSection
	GlobalSection(ProjectConfigurationPlatforms) = postSolution
		{00F8EF81-60F8-4027-920F-3487B984F055}.Debug|.NET.ActiveCfg = Debug|Any CPU
		{00F8EF81-60F8-4027-920F-3487B984F055}.Debug|Any CPU.ActiveCfg = Debug|Any CPU
		{00F8EF81-60F8-4027-920F-3487B984F055}.Debug|Any CPU.Build.0 = Debug|Any CPU
		{00F8EF81-60F8-4027-920F-3487B984F055}.Debug|Mixed Platforms.ActiveCfg = Debug|Any CPU
		{00F8EF81-60F8-4027-920F-3487B984F055}.Debug|Mixed Platforms.Build.0 = Debug|Any CPU
		{00F8EF81-60F8-4027-920F-3487B984F055}.Debug|x64.ActiveCfg = Debug|Any CPU
		{00F8EF81-60F8-4027-920F-3487B984F055}.Debug|x86.ActiveCfg = Debug|Any CPU
		{00F8EF81-60F8-4027-920F-3487B984F055}.Release|.NET.ActiveCfg = Debug|Any CPU
		{00F8EF81-60F8-4027-920F-3487B984F055}.Release|Any CPU.ActiveCfg = Release|Any CPU
		{00F8EF81-60F8-4027-920F-3487B984F055}.Release|Any CPU.Build.0 = Release|Any CPU
		{00F8EF81-60F8-4027-920F-3487B984F055}.Release|Mixed Platforms.ActiveCfg = Release|Any CPU
		{00F8EF81-60F8-4027-920F-3487B984F055}.Release|Mixed Platforms.Build.0 = Release|Any CPU
		{00F8EF81-60F8-4027-920F-3487B984F055}.Release|x64.ActiveCfg = Debug|Any CPU
		{00F8EF81-60F8-4027-920F-3487B984F055}.Release|x86.ActiveCfg = Debug|Any CPU
		{03413AF8-CCAE-48C5-BBAA-E9EB73750FAD}.Debug|.NET.ActiveCfg = Debug|Any CPU
		{03413AF8-CCAE-48C5-BBAA-E9EB73750FAD}.Debug|Any CPU.ActiveCfg = Debug|Any CPU
		{03413AF8-CCAE-48C5-BBAA-E9EB73750FAD}.Debug|Any CPU.Build.0 = Debug|Any CPU
		{03413AF8-CCAE-48C5-BBAA-E9EB73750FAD}.Debug|Mixed Platforms.ActiveCfg = Debug|Any CPU
		{03413AF8-CCAE-48C5-BBAA-E9EB73750FAD}.Debug|Mixed Platforms.Build.0 = Debug|Any CPU
		{03413AF8-CCAE-48C5-BBAA-E9EB73750FAD}.Debug|x64.ActiveCfg = Debug|Any CPU
		{03413AF8-CCAE-48C5-BBAA-E9EB73750FAD}.Debug|x86.ActiveCfg = Debug|Any CPU
		{03413AF8-CCAE-48C5-BBAA-E9EB73750FAD}.Release|.NET.ActiveCfg = Release|Any CPU
		{03413AF8-CCAE-48C5-BBAA-E9EB73750FAD}.Release|Any CPU.ActiveCfg = Release|Any CPU
		{03413AF8-CCAE-48C5-BBAA-E9EB73750FAD}.Release|Any CPU.Build.0 = Release|Any CPU
		{03413AF8-CCAE-48C5-BBAA-E9EB73750FAD}.Release|Mixed Platforms.ActiveCfg = Release|Any CPU
		{03413AF8-CCAE-48C5-BBAA-E9EB73750FAD}.Release|Mixed Platforms.Build.0 = Release|Any CPU
		{03413AF8-CCAE-48C5-BBAA-E9EB73750FAD}.Release|x64.ActiveCfg = Release|Any CPU
		{03413AF8-CCAE-48C5-BBAA-E9EB73750FAD}.Release|x86.ActiveCfg = Release|Any CPU
		{03834B3F-7A2D-4989-A7E8-FC1719BB4E24}.Debug|.NET.ActiveCfg = Debug|Any CPU
		{03834B3F-7A2D-4989-A7E8-FC1719BB4E24}.Debug|Any CPU.ActiveCfg = Debug|Any CPU
		{03834B3F-7A2D-4989-A7E8-FC1719BB4E24}.Debug|Any CPU.Build.0 = Debug|Any CPU
		{03834B3F-7A2D-4989-A7E8-FC1719BB4E24}.Debug|Mixed Platforms.ActiveCfg = Debug|Any CPU
		{03834B3F-7A2D-4989-A7E8-FC1719BB4E24}.Debug|Mixed Platforms.Build.0 = Debug|Any CPU
		{03834B3F-7A2D-4989-A7E8-FC1719BB4E24}.Debug|x64.ActiveCfg = Debug|Any CPU
		{03834B3F-7A2D-4989-A7E8-FC1719BB4E24}.Debug|x86.ActiveCfg = Debug|Any CPU
		{03834B3F-7A2D-4989-A7E8-FC1719BB4E24}.Release|.NET.ActiveCfg = Release|Any CPU
		{03834B3F-7A2D-4989-A7E8-FC1719BB4E24}.Release|Any CPU.ActiveCfg = Release|Any CPU
		{03834B3F-7A2D-4989-A7E8-FC1719BB4E24}.Release|Any CPU.Build.0 = Release|Any CPU
		{03834B3F-7A2D-4989-A7E8-FC1719BB4E24}.Release|Mixed Platforms.ActiveCfg = Release|Any CPU
		{03834B3F-7A2D-4989-A7E8-FC1719BB4E24}.Release|Mixed Platforms.Build.0 = Release|Any CPU
		{03834B3F-7A2D-4989-A7E8-FC1719BB4E24}.Release|x64.ActiveCfg = Release|Any CPU
		{03834B3F-7A2D-4989-A7E8-FC1719BB4E24}.Release|x86.ActiveCfg = Release|Any CPU
		{09111FCB-F5CC-48A8-9563-2023B2CD04CA}.Debug|.NET.ActiveCfg = Debug|Any CPU
		{09111FCB-F5CC-48A8-9563-2023B2CD04CA}.Debug|Any CPU.ActiveCfg = Debug|Any CPU
		{09111FCB-F5CC-48A8-9563-2023B2CD04CA}.Debug|Any CPU.Build.0 = Debug|Any CPU
		{09111FCB-F5CC-48A8-9563-2023B2CD04CA}.Debug|Mixed Platforms.ActiveCfg = Debug|Any CPU
		{09111FCB-F5CC-48A8-9563-2023B2CD04CA}.Debug|Mixed Platforms.Build.0 = Debug|Any CPU
		{09111FCB-F5CC-48A8-9563-2023B2CD04CA}.Debug|x64.ActiveCfg = Debug|Any CPU
		{09111FCB-F5CC-48A8-9563-2023B2CD04CA}.Debug|x86.ActiveCfg = Debug|Any CPU
		{09111FCB-F5CC-48A8-9563-2023B2CD04CA}.Release|.NET.ActiveCfg = Release|Any CPU
		{09111FCB-F5CC-48A8-9563-2023B2CD04CA}.Release|Any CPU.ActiveCfg = Release|Any CPU
		{09111FCB-F5CC-48A8-9563-2023B2CD04CA}.Release|Any CPU.Build.0 = Release|Any CPU
		{09111FCB-F5CC-48A8-9563-2023B2CD04CA}.Release|Mixed Platforms.ActiveCfg = Release|Any CPU
		{09111FCB-F5CC-48A8-9563-2023B2CD04CA}.Release|Mixed Platforms.Build.0 = Release|Any CPU
		{09111FCB-F5CC-48A8-9563-2023B2CD04CA}.Release|x64.ActiveCfg = Release|Any CPU
		{09111FCB-F5CC-48A8-9563-2023B2CD04CA}.Release|x86.ActiveCfg = Release|Any CPU
		{093040B8-F352-40EE-8163-D9861932C3AC}.Debug|.NET.ActiveCfg = Debug|Any CPU
		{093040B8-F352-40EE-8163-D9861932C3AC}.Debug|Any CPU.ActiveCfg = Debug|Any CPU
		{093040B8-F352-40EE-8163-D9861932C3AC}.Debug|Any CPU.Build.0 = Debug|Any CPU
		{093040B8-F352-40EE-8163-D9861932C3AC}.Debug|Mixed Platforms.ActiveCfg = Debug|Any CPU
		{093040B8-F352-40EE-8163-D9861932C3AC}.Debug|Mixed Platforms.Build.0 = Debug|Any CPU
		{093040B8-F352-40EE-8163-D9861932C3AC}.Debug|x64.ActiveCfg = Debug|Any CPU
		{093040B8-F352-40EE-8163-D9861932C3AC}.Debug|x86.ActiveCfg = Debug|Any CPU
		{093040B8-F352-40EE-8163-D9861932C3AC}.Release|.NET.ActiveCfg = Release|Any CPU
		{093040B8-F352-40EE-8163-D9861932C3AC}.Release|Any CPU.ActiveCfg = Release|Any CPU
		{093040B8-F352-40EE-8163-D9861932C3AC}.Release|Any CPU.Build.0 = Release|Any CPU
		{093040B8-F352-40EE-8163-D9861932C3AC}.Release|Mixed Platforms.ActiveCfg = Release|Any CPU
		{093040B8-F352-40EE-8163-D9861932C3AC}.Release|Mixed Platforms.Build.0 = Release|Any CPU
		{093040B8-F352-40EE-8163-D9861932C3AC}.Release|x64.ActiveCfg = Release|Any CPU
		{093040B8-F352-40EE-8163-D9861932C3AC}.Release|x86.ActiveCfg = Release|Any CPU
		{0DE8AB60-32FE-4099-963C-127FD2544A5A}.Debug|.NET.ActiveCfg = Debug|Any CPU
		{0DE8AB60-32FE-4099-963C-127FD2544A5A}.Debug|Any CPU.ActiveCfg = Debug|Any CPU
		{0DE8AB60-32FE-4099-963C-127FD2544A5A}.Debug|Any CPU.Build.0 = Debug|Any CPU
		{0DE8AB60-32FE-4099-963C-127FD2544A5A}.Debug|Mixed Platforms.ActiveCfg = Debug|Any CPU
		{0DE8AB60-32FE-4099-963C-127FD2544A5A}.Debug|Mixed Platforms.Build.0 = Debug|Any CPU
		{0DE8AB60-32FE-4099-963C-127FD2544A5A}.Debug|x64.ActiveCfg = Debug|Any CPU
		{0DE8AB60-32FE-4099-963C-127FD2544A5A}.Debug|x86.ActiveCfg = Debug|Any CPU
		{0DE8AB60-32FE-4099-963C-127FD2544A5A}.Release|.NET.ActiveCfg = Release|Any CPU
		{0DE8AB60-32FE-4099-963C-127FD2544A5A}.Release|Any CPU.ActiveCfg = Release|Any CPU
		{0DE8AB60-32FE-4099-963C-127FD2544A5A}.Release|Any CPU.Build.0 = Release|Any CPU
		{0DE8AB60-32FE-4099-963C-127FD2544A5A}.Release|Mixed Platforms.ActiveCfg = Release|Any CPU
		{0DE8AB60-32FE-4099-963C-127FD2544A5A}.Release|Mixed Platforms.Build.0 = Release|Any CPU
		{0DE8AB60-32FE-4099-963C-127FD2544A5A}.Release|x64.ActiveCfg = Release|Any CPU
		{0DE8AB60-32FE-4099-963C-127FD2544A5A}.Release|x86.ActiveCfg = Release|Any CPU
		{0DFA7DC8-60D2-4679-A1DB-7E8D42549747}.Debug|.NET.ActiveCfg = Debug|Any CPU
		{0DFA7DC8-60D2-4679-A1DB-7E8D42549747}.Debug|Any CPU.ActiveCfg = Debug|Any CPU
		{0DFA7DC8-60D2-4679-A1DB-7E8D42549747}.Debug|Any CPU.Build.0 = Debug|Any CPU
		{0DFA7DC8-60D2-4679-A1DB-7E8D42549747}.Debug|Mixed Platforms.ActiveCfg = Debug|Any CPU
		{0DFA7DC8-60D2-4679-A1DB-7E8D42549747}.Debug|Mixed Platforms.Build.0 = Debug|Any CPU
		{0DFA7DC8-60D2-4679-A1DB-7E8D42549747}.Debug|x64.ActiveCfg = Debug|Any CPU
		{0DFA7DC8-60D2-4679-A1DB-7E8D42549747}.Debug|x86.ActiveCfg = Debug|Any CPU
		{0DFA7DC8-60D2-4679-A1DB-7E8D42549747}.Release|.NET.ActiveCfg = Release|Any CPU
		{0DFA7DC8-60D2-4679-A1DB-7E8D42549747}.Release|Any CPU.ActiveCfg = Release|Any CPU
		{0DFA7DC8-60D2-4679-A1DB-7E8D42549747}.Release|Any CPU.Build.0 = Release|Any CPU
		{0DFA7DC8-60D2-4679-A1DB-7E8D42549747}.Release|Mixed Platforms.ActiveCfg = Release|Any CPU
		{0DFA7DC8-60D2-4679-A1DB-7E8D42549747}.Release|Mixed Platforms.Build.0 = Release|Any CPU
		{0DFA7DC8-60D2-4679-A1DB-7E8D42549747}.Release|x64.ActiveCfg = Release|Any CPU
		{0DFA7DC8-60D2-4679-A1DB-7E8D42549747}.Release|x86.ActiveCfg = Release|Any CPU
		{0F0E5B01-0703-46E5-94FB-E551C51D6640}.Debug|.NET.ActiveCfg = Debug|Any CPU
		{0F0E5B01-0703-46E5-94FB-E551C51D6640}.Debug|Any CPU.ActiveCfg = Debug|Any CPU
		{0F0E5B01-0703-46E5-94FB-E551C51D6640}.Debug|Any CPU.Build.0 = Debug|Any CPU
		{0F0E5B01-0703-46E5-94FB-E551C51D6640}.Debug|Mixed Platforms.ActiveCfg = Debug|Any CPU
		{0F0E5B01-0703-46E5-94FB-E551C51D6640}.Debug|Mixed Platforms.Build.0 = Debug|Any CPU
		{0F0E5B01-0703-46E5-94FB-E551C51D6640}.Debug|x64.ActiveCfg = Debug|Any CPU
		{0F0E5B01-0703-46E5-94FB-E551C51D6640}.Debug|x86.ActiveCfg = Debug|Any CPU
		{0F0E5B01-0703-46E5-94FB-E551C51D6640}.Release|.NET.ActiveCfg = Release|Any CPU
		{0F0E5B01-0703-46E5-94FB-E551C51D6640}.Release|Any CPU.ActiveCfg = Release|Any CPU
		{0F0E5B01-0703-46E5-94FB-E551C51D6640}.Release|Any CPU.Build.0 = Release|Any CPU
		{0F0E5B01-0703-46E5-94FB-E551C51D6640}.Release|Mixed Platforms.ActiveCfg = Release|Any CPU
		{0F0E5B01-0703-46E5-94FB-E551C51D6640}.Release|Mixed Platforms.Build.0 = Release|Any CPU
		{0F0E5B01-0703-46E5-94FB-E551C51D6640}.Release|x64.ActiveCfg = Release|Any CPU
		{0F0E5B01-0703-46E5-94FB-E551C51D6640}.Release|x86.ActiveCfg = Release|Any CPU
		{10A8671E-DA68-4EC9-8058-74ABD72A18C1}.Debug|.NET.ActiveCfg = Debug|Any CPU
		{10A8671E-DA68-4EC9-8058-74ABD72A18C1}.Debug|Any CPU.ActiveCfg = Debug|Any CPU
		{10A8671E-DA68-4EC9-8058-74ABD72A18C1}.Debug|Any CPU.Build.0 = Debug|Any CPU
		{10A8671E-DA68-4EC9-8058-74ABD72A18C1}.Debug|Mixed Platforms.ActiveCfg = Debug|Any CPU
		{10A8671E-DA68-4EC9-8058-74ABD72A18C1}.Debug|Mixed Platforms.Build.0 = Debug|Any CPU
		{10A8671E-DA68-4EC9-8058-74ABD72A18C1}.Debug|x64.ActiveCfg = Debug|Any CPU
		{10A8671E-DA68-4EC9-8058-74ABD72A18C1}.Debug|x86.ActiveCfg = Debug|Any CPU
		{10A8671E-DA68-4EC9-8058-74ABD72A18C1}.Release|.NET.ActiveCfg = Release|Any CPU
		{10A8671E-DA68-4EC9-8058-74ABD72A18C1}.Release|Any CPU.ActiveCfg = Release|Any CPU
		{10A8671E-DA68-4EC9-8058-74ABD72A18C1}.Release|Any CPU.Build.0 = Release|Any CPU
		{10A8671E-DA68-4EC9-8058-74ABD72A18C1}.Release|Mixed Platforms.ActiveCfg = Release|Any CPU
		{10A8671E-DA68-4EC9-8058-74ABD72A18C1}.Release|Mixed Platforms.Build.0 = Release|Any CPU
		{10A8671E-DA68-4EC9-8058-74ABD72A18C1}.Release|x64.ActiveCfg = Release|Any CPU
		{10A8671E-DA68-4EC9-8058-74ABD72A18C1}.Release|x86.ActiveCfg = Release|Any CPU
		{13F3BAB7-27FF-4391-A0FA-B56E84A12A20}.Debug|.NET.ActiveCfg = Debug|Any CPU
		{13F3BAB7-27FF-4391-A0FA-B56E84A12A20}.Debug|Any CPU.ActiveCfg = Debug|Any CPU
		{13F3BAB7-27FF-4391-A0FA-B56E84A12A20}.Debug|Any CPU.Build.0 = Debug|Any CPU
		{13F3BAB7-27FF-4391-A0FA-B56E84A12A20}.Debug|Mixed Platforms.ActiveCfg = Debug|Any CPU
		{13F3BAB7-27FF-4391-A0FA-B56E84A12A20}.Debug|Mixed Platforms.Build.0 = Debug|Any CPU
		{13F3BAB7-27FF-4391-A0FA-B56E84A12A20}.Debug|x64.ActiveCfg = Debug|Any CPU
		{13F3BAB7-27FF-4391-A0FA-B56E84A12A20}.Debug|x86.ActiveCfg = Debug|Any CPU
		{13F3BAB7-27FF-4391-A0FA-B56E84A12A20}.Release|.NET.ActiveCfg = Debug|Any CPU
		{13F3BAB7-27FF-4391-A0FA-B56E84A12A20}.Release|Any CPU.ActiveCfg = Release|Any CPU
		{13F3BAB7-27FF-4391-A0FA-B56E84A12A20}.Release|Any CPU.Build.0 = Release|Any CPU
		{13F3BAB7-27FF-4391-A0FA-B56E84A12A20}.Release|Mixed Platforms.ActiveCfg = Release|Any CPU
		{13F3BAB7-27FF-4391-A0FA-B56E84A12A20}.Release|Mixed Platforms.Build.0 = Release|Any CPU
		{13F3BAB7-27FF-4391-A0FA-B56E84A12A20}.Release|x64.ActiveCfg = Debug|Any CPU
		{13F3BAB7-27FF-4391-A0FA-B56E84A12A20}.Release|x86.ActiveCfg = Debug|Any CPU
		{212BF800-7D04-4079-BB6B-EDEAF63D0454}.Debug|.NET.ActiveCfg = Debug|Any CPU
		{212BF800-7D04-4079-BB6B-EDEAF63D0454}.Debug|Any CPU.ActiveCfg = Debug|Any CPU
		{212BF800-7D04-4079-BB6B-EDEAF63D0454}.Debug|Any CPU.Build.0 = Debug|Any CPU
		{212BF800-7D04-4079-BB6B-EDEAF63D0454}.Debug|Mixed Platforms.ActiveCfg = Debug|Any CPU
		{212BF800-7D04-4079-BB6B-EDEAF63D0454}.Debug|Mixed Platforms.Build.0 = Debug|Any CPU
		{212BF800-7D04-4079-BB6B-EDEAF63D0454}.Debug|x64.ActiveCfg = Debug|Any CPU
		{212BF800-7D04-4079-BB6B-EDEAF63D0454}.Debug|x86.ActiveCfg = Debug|Any CPU
		{212BF800-7D04-4079-BB6B-EDEAF63D0454}.Release|.NET.ActiveCfg = Release|Any CPU
		{212BF800-7D04-4079-BB6B-EDEAF63D0454}.Release|Any CPU.ActiveCfg = Release|Any CPU
		{212BF800-7D04-4079-BB6B-EDEAF63D0454}.Release|Any CPU.Build.0 = Release|Any CPU
		{212BF800-7D04-4079-BB6B-EDEAF63D0454}.Release|Mixed Platforms.ActiveCfg = Release|Any CPU
		{212BF800-7D04-4079-BB6B-EDEAF63D0454}.Release|Mixed Platforms.Build.0 = Release|Any CPU
		{212BF800-7D04-4079-BB6B-EDEAF63D0454}.Release|x64.ActiveCfg = Release|Any CPU
		{212BF800-7D04-4079-BB6B-EDEAF63D0454}.Release|x86.ActiveCfg = Release|Any CPU
		{24C00348-8FF0-4A1F-95B0-6193EC79F8F4}.Debug|.NET.ActiveCfg = Debug|Any CPU
		{24C00348-8FF0-4A1F-95B0-6193EC79F8F4}.Debug|Any CPU.ActiveCfg = Debug|Any CPU
		{24C00348-8FF0-4A1F-95B0-6193EC79F8F4}.Debug|Any CPU.Build.0 = Debug|Any CPU
		{24C00348-8FF0-4A1F-95B0-6193EC79F8F4}.Debug|Mixed Platforms.ActiveCfg = Debug|Any CPU
		{24C00348-8FF0-4A1F-95B0-6193EC79F8F4}.Debug|Mixed Platforms.Build.0 = Debug|Any CPU
		{24C00348-8FF0-4A1F-95B0-6193EC79F8F4}.Debug|x64.ActiveCfg = Debug|Any CPU
		{24C00348-8FF0-4A1F-95B0-6193EC79F8F4}.Debug|x86.ActiveCfg = Debug|Any CPU
		{24C00348-8FF0-4A1F-95B0-6193EC79F8F4}.Release|.NET.ActiveCfg = Release|Any CPU
		{24C00348-8FF0-4A1F-95B0-6193EC79F8F4}.Release|Any CPU.ActiveCfg = Release|Any CPU
		{24C00348-8FF0-4A1F-95B0-6193EC79F8F4}.Release|Any CPU.Build.0 = Release|Any CPU
		{24C00348-8FF0-4A1F-95B0-6193EC79F8F4}.Release|Mixed Platforms.ActiveCfg = Release|Any CPU
		{24C00348-8FF0-4A1F-95B0-6193EC79F8F4}.Release|Mixed Platforms.Build.0 = Release|Any CPU
		{24C00348-8FF0-4A1F-95B0-6193EC79F8F4}.Release|x64.ActiveCfg = Release|Any CPU
		{24C00348-8FF0-4A1F-95B0-6193EC79F8F4}.Release|x86.ActiveCfg = Release|Any CPU
		{28C9268B-EE44-42D0-B7F6-97FD74BDED07}.Debug|.NET.ActiveCfg = Debug|Any CPU
		{28C9268B-EE44-42D0-B7F6-97FD74BDED07}.Debug|Any CPU.ActiveCfg = Debug|Any CPU
		{28C9268B-EE44-42D0-B7F6-97FD74BDED07}.Debug|Any CPU.Build.0 = Debug|Any CPU
		{28C9268B-EE44-42D0-B7F6-97FD74BDED07}.Debug|Mixed Platforms.ActiveCfg = Debug|Any CPU
		{28C9268B-EE44-42D0-B7F6-97FD74BDED07}.Debug|Mixed Platforms.Build.0 = Debug|Any CPU
		{28C9268B-EE44-42D0-B7F6-97FD74BDED07}.Debug|x64.ActiveCfg = Debug|Any CPU
		{28C9268B-EE44-42D0-B7F6-97FD74BDED07}.Debug|x86.ActiveCfg = Debug|Any CPU
		{28C9268B-EE44-42D0-B7F6-97FD74BDED07}.Release|.NET.ActiveCfg = Release|Any CPU
		{28C9268B-EE44-42D0-B7F6-97FD74BDED07}.Release|Any CPU.ActiveCfg = Release|Any CPU
		{28C9268B-EE44-42D0-B7F6-97FD74BDED07}.Release|Any CPU.Build.0 = Release|Any CPU
		{28C9268B-EE44-42D0-B7F6-97FD74BDED07}.Release|Mixed Platforms.ActiveCfg = Release|Any CPU
		{28C9268B-EE44-42D0-B7F6-97FD74BDED07}.Release|Mixed Platforms.Build.0 = Release|Any CPU
		{28C9268B-EE44-42D0-B7F6-97FD74BDED07}.Release|x64.ActiveCfg = Release|Any CPU
		{28C9268B-EE44-42D0-B7F6-97FD74BDED07}.Release|x86.ActiveCfg = Release|Any CPU
		{2AD0BF74-CE88-4004-A609-239C7EBD51BF}.Debug|.NET.ActiveCfg = Debug|Any CPU
		{2AD0BF74-CE88-4004-A609-239C7EBD51BF}.Debug|Any CPU.ActiveCfg = Debug|Any CPU
		{2AD0BF74-CE88-4004-A609-239C7EBD51BF}.Debug|Any CPU.Build.0 = Debug|Any CPU
		{2AD0BF74-CE88-4004-A609-239C7EBD51BF}.Debug|Mixed Platforms.ActiveCfg = Debug|Any CPU
		{2AD0BF74-CE88-4004-A609-239C7EBD51BF}.Debug|Mixed Platforms.Build.0 = Debug|Any CPU
		{2AD0BF74-CE88-4004-A609-239C7EBD51BF}.Debug|x64.ActiveCfg = Debug|Any CPU
		{2AD0BF74-CE88-4004-A609-239C7EBD51BF}.Debug|x86.ActiveCfg = Debug|Any CPU
		{2AD0BF74-CE88-4004-A609-239C7EBD51BF}.Release|.NET.ActiveCfg = Release|Any CPU
		{2AD0BF74-CE88-4004-A609-239C7EBD51BF}.Release|Any CPU.ActiveCfg = Release|Any CPU
		{2AD0BF74-CE88-4004-A609-239C7EBD51BF}.Release|Any CPU.Build.0 = Release|Any CPU
		{2AD0BF74-CE88-4004-A609-239C7EBD51BF}.Release|Mixed Platforms.ActiveCfg = Release|Any CPU
		{2AD0BF74-CE88-4004-A609-239C7EBD51BF}.Release|Mixed Platforms.Build.0 = Release|Any CPU
		{2AD0BF74-CE88-4004-A609-239C7EBD51BF}.Release|x64.ActiveCfg = Release|Any CPU
		{2AD0BF74-CE88-4004-A609-239C7EBD51BF}.Release|x86.ActiveCfg = Release|Any CPU
		{2CFFFCDF-678D-4B2B-947D-655DCCA38849}.Debug|.NET.ActiveCfg = Debug|Any CPU
		{2CFFFCDF-678D-4B2B-947D-655DCCA38849}.Debug|Any CPU.ActiveCfg = Debug|Any CPU
		{2CFFFCDF-678D-4B2B-947D-655DCCA38849}.Debug|Any CPU.Build.0 = Debug|Any CPU
		{2CFFFCDF-678D-4B2B-947D-655DCCA38849}.Debug|Mixed Platforms.ActiveCfg = Debug|Any CPU
		{2CFFFCDF-678D-4B2B-947D-655DCCA38849}.Debug|Mixed Platforms.Build.0 = Debug|Any CPU
		{2CFFFCDF-678D-4B2B-947D-655DCCA38849}.Debug|x64.ActiveCfg = Debug|Any CPU
		{2CFFFCDF-678D-4B2B-947D-655DCCA38849}.Debug|x86.ActiveCfg = Debug|Any CPU
		{2CFFFCDF-678D-4B2B-947D-655DCCA38849}.Release|.NET.ActiveCfg = Release|Any CPU
		{2CFFFCDF-678D-4B2B-947D-655DCCA38849}.Release|Any CPU.ActiveCfg = Release|Any CPU
		{2CFFFCDF-678D-4B2B-947D-655DCCA38849}.Release|Any CPU.Build.0 = Release|Any CPU
		{2CFFFCDF-678D-4B2B-947D-655DCCA38849}.Release|Mixed Platforms.ActiveCfg = Release|Any CPU
		{2CFFFCDF-678D-4B2B-947D-655DCCA38849}.Release|Mixed Platforms.Build.0 = Release|Any CPU
		{2CFFFCDF-678D-4B2B-947D-655DCCA38849}.Release|x64.ActiveCfg = Release|Any CPU
		{2CFFFCDF-678D-4B2B-947D-655DCCA38849}.Release|x86.ActiveCfg = Release|Any CPU
		{300E2662-0C07-4042-BF45-84711264C862}.Debug|.NET.ActiveCfg = Debug|Any CPU
		{300E2662-0C07-4042-BF45-84711264C862}.Debug|Any CPU.ActiveCfg = Debug|Any CPU
		{300E2662-0C07-4042-BF45-84711264C862}.Debug|Any CPU.Build.0 = Debug|Any CPU
		{300E2662-0C07-4042-BF45-84711264C862}.Debug|Mixed Platforms.ActiveCfg = Debug|Any CPU
		{300E2662-0C07-4042-BF45-84711264C862}.Debug|Mixed Platforms.Build.0 = Debug|Any CPU
		{300E2662-0C07-4042-BF45-84711264C862}.Debug|x64.ActiveCfg = Debug|Any CPU
		{300E2662-0C07-4042-BF45-84711264C862}.Debug|x86.ActiveCfg = Debug|Any CPU
		{300E2662-0C07-4042-BF45-84711264C862}.Release|.NET.ActiveCfg = Release|Any CPU
		{300E2662-0C07-4042-BF45-84711264C862}.Release|Any CPU.ActiveCfg = Release|Any CPU
		{300E2662-0C07-4042-BF45-84711264C862}.Release|Any CPU.Build.0 = Release|Any CPU
		{300E2662-0C07-4042-BF45-84711264C862}.Release|Mixed Platforms.ActiveCfg = Release|Any CPU
		{300E2662-0C07-4042-BF45-84711264C862}.Release|Mixed Platforms.Build.0 = Release|Any CPU
		{300E2662-0C07-4042-BF45-84711264C862}.Release|x64.ActiveCfg = Release|Any CPU
		{300E2662-0C07-4042-BF45-84711264C862}.Release|x86.ActiveCfg = Release|Any CPU
		{33E8C909-58CC-4E76-89DA-9578B8CDB9B4}.Debug|.NET.ActiveCfg = Debug|Any CPU
		{33E8C909-58CC-4E76-89DA-9578B8CDB9B4}.Debug|Any CPU.ActiveCfg = Debug|Any CPU
		{33E8C909-58CC-4E76-89DA-9578B8CDB9B4}.Debug|Any CPU.Build.0 = Debug|Any CPU
		{33E8C909-58CC-4E76-89DA-9578B8CDB9B4}.Debug|Mixed Platforms.ActiveCfg = Debug|Any CPU
		{33E8C909-58CC-4E76-89DA-9578B8CDB9B4}.Debug|Mixed Platforms.Build.0 = Debug|Any CPU
		{33E8C909-58CC-4E76-89DA-9578B8CDB9B4}.Debug|x64.ActiveCfg = Debug|Any CPU
		{33E8C909-58CC-4E76-89DA-9578B8CDB9B4}.Debug|x86.ActiveCfg = Debug|Any CPU
		{33E8C909-58CC-4E76-89DA-9578B8CDB9B4}.Release|.NET.ActiveCfg = Release|Any CPU
		{33E8C909-58CC-4E76-89DA-9578B8CDB9B4}.Release|Any CPU.ActiveCfg = Release|Any CPU
		{33E8C909-58CC-4E76-89DA-9578B8CDB9B4}.Release|Any CPU.Build.0 = Release|Any CPU
		{33E8C909-58CC-4E76-89DA-9578B8CDB9B4}.Release|Mixed Platforms.ActiveCfg = Release|Any CPU
		{33E8C909-58CC-4E76-89DA-9578B8CDB9B4}.Release|Mixed Platforms.Build.0 = Release|Any CPU
		{33E8C909-58CC-4E76-89DA-9578B8CDB9B4}.Release|x64.ActiveCfg = Release|Any CPU
		{33E8C909-58CC-4E76-89DA-9578B8CDB9B4}.Release|x86.ActiveCfg = Release|Any CPU
		{4173E8B6-641A-4ABF-9A38-FDCEE137C3A5}.Debug|.NET.ActiveCfg = Debug|Any CPU
		{4173E8B6-641A-4ABF-9A38-FDCEE137C3A5}.Debug|Any CPU.ActiveCfg = Debug|Any CPU
		{4173E8B6-641A-4ABF-9A38-FDCEE137C3A5}.Debug|Any CPU.Build.0 = Debug|Any CPU
		{4173E8B6-641A-4ABF-9A38-FDCEE137C3A5}.Debug|Mixed Platforms.ActiveCfg = Debug|Any CPU
		{4173E8B6-641A-4ABF-9A38-FDCEE137C3A5}.Debug|Mixed Platforms.Build.0 = Debug|Any CPU
		{4173E8B6-641A-4ABF-9A38-FDCEE137C3A5}.Debug|x64.ActiveCfg = Debug|Any CPU
		{4173E8B6-641A-4ABF-9A38-FDCEE137C3A5}.Debug|x86.ActiveCfg = Debug|Any CPU
		{4173E8B6-641A-4ABF-9A38-FDCEE137C3A5}.Release|.NET.ActiveCfg = Release|Any CPU
		{4173E8B6-641A-4ABF-9A38-FDCEE137C3A5}.Release|Any CPU.ActiveCfg = Release|Any CPU
		{4173E8B6-641A-4ABF-9A38-FDCEE137C3A5}.Release|Any CPU.Build.0 = Release|Any CPU
		{4173E8B6-641A-4ABF-9A38-FDCEE137C3A5}.Release|Mixed Platforms.ActiveCfg = Release|Any CPU
		{4173E8B6-641A-4ABF-9A38-FDCEE137C3A5}.Release|Mixed Platforms.Build.0 = Release|Any CPU
		{4173E8B6-641A-4ABF-9A38-FDCEE137C3A5}.Release|x64.ActiveCfg = Release|Any CPU
		{4173E8B6-641A-4ABF-9A38-FDCEE137C3A5}.Release|x86.ActiveCfg = Release|Any CPU
		{49A6DA6E-EBB6-40E5-AB09-2FD5295EE351}.Debug|.NET.ActiveCfg = Debug|Any CPU
		{49A6DA6E-EBB6-40E5-AB09-2FD5295EE351}.Debug|Any CPU.ActiveCfg = Debug|Any CPU
		{49A6DA6E-EBB6-40E5-AB09-2FD5295EE351}.Debug|Any CPU.Build.0 = Debug|Any CPU
		{49A6DA6E-EBB6-40E5-AB09-2FD5295EE351}.Debug|Mixed Platforms.ActiveCfg = Debug|Any CPU
		{49A6DA6E-EBB6-40E5-AB09-2FD5295EE351}.Debug|Mixed Platforms.Build.0 = Debug|Any CPU
		{49A6DA6E-EBB6-40E5-AB09-2FD5295EE351}.Debug|x64.ActiveCfg = Debug|Any CPU
		{49A6DA6E-EBB6-40E5-AB09-2FD5295EE351}.Debug|x86.ActiveCfg = Debug|Any CPU
		{49A6DA6E-EBB6-40E5-AB09-2FD5295EE351}.Release|.NET.ActiveCfg = Release|Any CPU
		{49A6DA6E-EBB6-40E5-AB09-2FD5295EE351}.Release|Any CPU.ActiveCfg = Release|Any CPU
		{49A6DA6E-EBB6-40E5-AB09-2FD5295EE351}.Release|Any CPU.Build.0 = Release|Any CPU
		{49A6DA6E-EBB6-40E5-AB09-2FD5295EE351}.Release|Mixed Platforms.ActiveCfg = Release|Any CPU
		{49A6DA6E-EBB6-40E5-AB09-2FD5295EE351}.Release|Mixed Platforms.Build.0 = Release|Any CPU
		{49A6DA6E-EBB6-40E5-AB09-2FD5295EE351}.Release|x64.ActiveCfg = Release|Any CPU
		{49A6DA6E-EBB6-40E5-AB09-2FD5295EE351}.Release|x86.ActiveCfg = Release|Any CPU
		{53D2CF13-3F57-488F-AD20-0B3786B59C40}.Debug|.NET.ActiveCfg = Debug|Any CPU
		{53D2CF13-3F57-488F-AD20-0B3786B59C40}.Debug|Any CPU.ActiveCfg = Debug|Any CPU
		{53D2CF13-3F57-488F-AD20-0B3786B59C40}.Debug|Any CPU.Build.0 = Debug|Any CPU
		{53D2CF13-3F57-488F-AD20-0B3786B59C40}.Debug|Mixed Platforms.ActiveCfg = Debug|Any CPU
		{53D2CF13-3F57-488F-AD20-0B3786B59C40}.Debug|Mixed Platforms.Build.0 = Debug|Any CPU
		{53D2CF13-3F57-488F-AD20-0B3786B59C40}.Debug|x64.ActiveCfg = Debug|Any CPU
		{53D2CF13-3F57-488F-AD20-0B3786B59C40}.Debug|x86.ActiveCfg = Debug|Any CPU
		{53D2CF13-3F57-488F-AD20-0B3786B59C40}.Release|.NET.ActiveCfg = Release|Any CPU
		{53D2CF13-3F57-488F-AD20-0B3786B59C40}.Release|Any CPU.ActiveCfg = Release|Any CPU
		{53D2CF13-3F57-488F-AD20-0B3786B59C40}.Release|Any CPU.Build.0 = Release|Any CPU
		{53D2CF13-3F57-488F-AD20-0B3786B59C40}.Release|Mixed Platforms.ActiveCfg = Release|Any CPU
		{53D2CF13-3F57-488F-AD20-0B3786B59C40}.Release|Mixed Platforms.Build.0 = Release|Any CPU
		{53D2CF13-3F57-488F-AD20-0B3786B59C40}.Release|x64.ActiveCfg = Release|Any CPU
		{53D2CF13-3F57-488F-AD20-0B3786B59C40}.Release|x86.ActiveCfg = Release|Any CPU
		{5BBCC460-64CF-45F4-A24A-66E931B092BE}.Debug|.NET.ActiveCfg = Debug|Any CPU
		{5BBCC460-64CF-45F4-A24A-66E931B092BE}.Debug|Any CPU.ActiveCfg = Debug|Any CPU
		{5BBCC460-64CF-45F4-A24A-66E931B092BE}.Debug|Any CPU.Build.0 = Debug|Any CPU
		{5BBCC460-64CF-45F4-A24A-66E931B092BE}.Debug|Mixed Platforms.ActiveCfg = Debug|Any CPU
		{5BBCC460-64CF-45F4-A24A-66E931B092BE}.Debug|Mixed Platforms.Build.0 = Debug|Any CPU
		{5BBCC460-64CF-45F4-A24A-66E931B092BE}.Debug|x64.ActiveCfg = Debug|Any CPU
		{5BBCC460-64CF-45F4-A24A-66E931B092BE}.Debug|x86.ActiveCfg = Debug|Any CPU
		{5BBCC460-64CF-45F4-A24A-66E931B092BE}.Release|.NET.ActiveCfg = Release|Any CPU
		{5BBCC460-64CF-45F4-A24A-66E931B092BE}.Release|Any CPU.ActiveCfg = Release|Any CPU
		{5BBCC460-64CF-45F4-A24A-66E931B092BE}.Release|Any CPU.Build.0 = Release|Any CPU
		{5BBCC460-64CF-45F4-A24A-66E931B092BE}.Release|Mixed Platforms.ActiveCfg = Release|Any CPU
		{5BBCC460-64CF-45F4-A24A-66E931B092BE}.Release|Mixed Platforms.Build.0 = Release|Any CPU
		{5BBCC460-64CF-45F4-A24A-66E931B092BE}.Release|x64.ActiveCfg = Release|Any CPU
		{5BBCC460-64CF-45F4-A24A-66E931B092BE}.Release|x86.ActiveCfg = Release|Any CPU
		{623E4743-2C7B-42B8-A131-A9AB98A6142D}.Debug|.NET.ActiveCfg = Debug|Any CPU
		{623E4743-2C7B-42B8-A131-A9AB98A6142D}.Debug|Any CPU.ActiveCfg = Debug|Any CPU
		{623E4743-2C7B-42B8-A131-A9AB98A6142D}.Debug|Any CPU.Build.0 = Debug|Any CPU
		{623E4743-2C7B-42B8-A131-A9AB98A6142D}.Debug|Mixed Platforms.ActiveCfg = Debug|Any CPU
		{623E4743-2C7B-42B8-A131-A9AB98A6142D}.Debug|Mixed Platforms.Build.0 = Debug|Any CPU
		{623E4743-2C7B-42B8-A131-A9AB98A6142D}.Debug|x64.ActiveCfg = Debug|Any CPU
		{623E4743-2C7B-42B8-A131-A9AB98A6142D}.Debug|x86.ActiveCfg = Debug|Any CPU
		{623E4743-2C7B-42B8-A131-A9AB98A6142D}.Release|.NET.ActiveCfg = Release|Any CPU
		{623E4743-2C7B-42B8-A131-A9AB98A6142D}.Release|Any CPU.ActiveCfg = Release|Any CPU
		{623E4743-2C7B-42B8-A131-A9AB98A6142D}.Release|Any CPU.Build.0 = Release|Any CPU
		{623E4743-2C7B-42B8-A131-A9AB98A6142D}.Release|Mixed Platforms.ActiveCfg = Release|Any CPU
		{623E4743-2C7B-42B8-A131-A9AB98A6142D}.Release|Mixed Platforms.Build.0 = Release|Any CPU
		{623E4743-2C7B-42B8-A131-A9AB98A6142D}.Release|x64.ActiveCfg = Release|Any CPU
		{623E4743-2C7B-42B8-A131-A9AB98A6142D}.Release|x86.ActiveCfg = Release|Any CPU
		{769A6179-E09E-44C8-8530-F6B70B02298C}.Debug|.NET.ActiveCfg = Debug|Any CPU
		{769A6179-E09E-44C8-8530-F6B70B02298C}.Debug|Any CPU.ActiveCfg = Debug|Any CPU
		{769A6179-E09E-44C8-8530-F6B70B02298C}.Debug|Any CPU.Build.0 = Debug|Any CPU
		{769A6179-E09E-44C8-8530-F6B70B02298C}.Debug|Mixed Platforms.ActiveCfg = Debug|Any CPU
		{769A6179-E09E-44C8-8530-F6B70B02298C}.Debug|Mixed Platforms.Build.0 = Debug|Any CPU
		{769A6179-E09E-44C8-8530-F6B70B02298C}.Debug|x64.ActiveCfg = Debug|Any CPU
		{769A6179-E09E-44C8-8530-F6B70B02298C}.Debug|x86.ActiveCfg = Debug|Any CPU
		{769A6179-E09E-44C8-8530-F6B70B02298C}.Release|.NET.ActiveCfg = Release|Any CPU
		{769A6179-E09E-44C8-8530-F6B70B02298C}.Release|Any CPU.ActiveCfg = Release|Any CPU
		{769A6179-E09E-44C8-8530-F6B70B02298C}.Release|Any CPU.Build.0 = Release|Any CPU
		{769A6179-E09E-44C8-8530-F6B70B02298C}.Release|Mixed Platforms.ActiveCfg = Release|Any CPU
		{769A6179-E09E-44C8-8530-F6B70B02298C}.Release|Mixed Platforms.Build.0 = Release|Any CPU
		{769A6179-E09E-44C8-8530-F6B70B02298C}.Release|x64.ActiveCfg = Release|Any CPU
		{769A6179-E09E-44C8-8530-F6B70B02298C}.Release|x86.ActiveCfg = Release|Any CPU
		{7893E7FD-E5B4-4F68-A63E-7E155CD8C976}.Debug|.NET.ActiveCfg = Debug|Any CPU
		{7893E7FD-E5B4-4F68-A63E-7E155CD8C976}.Debug|Any CPU.ActiveCfg = Debug|Any CPU
		{7893E7FD-E5B4-4F68-A63E-7E155CD8C976}.Debug|Any CPU.Build.0 = Debug|Any CPU
		{7893E7FD-E5B4-4F68-A63E-7E155CD8C976}.Debug|Mixed Platforms.ActiveCfg = Debug|Any CPU
		{7893E7FD-E5B4-4F68-A63E-7E155CD8C976}.Debug|Mixed Platforms.Build.0 = Debug|Any CPU
		{7893E7FD-E5B4-4F68-A63E-7E155CD8C976}.Debug|x64.ActiveCfg = Debug|Any CPU
		{7893E7FD-E5B4-4F68-A63E-7E155CD8C976}.Debug|x86.ActiveCfg = Debug|Any CPU
		{7893E7FD-E5B4-4F68-A63E-7E155CD8C976}.Release|.NET.ActiveCfg = Release|Any CPU
		{7893E7FD-E5B4-4F68-A63E-7E155CD8C976}.Release|Any CPU.ActiveCfg = Release|Any CPU
		{7893E7FD-E5B4-4F68-A63E-7E155CD8C976}.Release|Any CPU.Build.0 = Release|Any CPU
		{7893E7FD-E5B4-4F68-A63E-7E155CD8C976}.Release|Mixed Platforms.ActiveCfg = Release|Any CPU
		{7893E7FD-E5B4-4F68-A63E-7E155CD8C976}.Release|Mixed Platforms.Build.0 = Release|Any CPU
		{7893E7FD-E5B4-4F68-A63E-7E155CD8C976}.Release|x64.ActiveCfg = Release|Any CPU
		{7893E7FD-E5B4-4F68-A63E-7E155CD8C976}.Release|x86.ActiveCfg = Release|Any CPU
		{841C8525-554D-4C23-93B0-1EF6BD638029}.Debug|.NET.ActiveCfg = Debug|Any CPU
		{841C8525-554D-4C23-93B0-1EF6BD638029}.Debug|Any CPU.ActiveCfg = Debug|Any CPU
		{841C8525-554D-4C23-93B0-1EF6BD638029}.Debug|Any CPU.Build.0 = Debug|Any CPU
		{841C8525-554D-4C23-93B0-1EF6BD638029}.Debug|Mixed Platforms.ActiveCfg = Debug|Any CPU
		{841C8525-554D-4C23-93B0-1EF6BD638029}.Debug|Mixed Platforms.Build.0 = Debug|Any CPU
		{841C8525-554D-4C23-93B0-1EF6BD638029}.Debug|x64.ActiveCfg = Debug|Any CPU
		{841C8525-554D-4C23-93B0-1EF6BD638029}.Debug|x86.ActiveCfg = Debug|Any CPU
		{841C8525-554D-4C23-93B0-1EF6BD638029}.Release|.NET.ActiveCfg = Release|Any CPU
		{841C8525-554D-4C23-93B0-1EF6BD638029}.Release|Any CPU.ActiveCfg = Release|Any CPU
		{841C8525-554D-4C23-93B0-1EF6BD638029}.Release|Any CPU.Build.0 = Release|Any CPU
		{841C8525-554D-4C23-93B0-1EF6BD638029}.Release|Mixed Platforms.ActiveCfg = Release|Any CPU
		{841C8525-554D-4C23-93B0-1EF6BD638029}.Release|Mixed Platforms.Build.0 = Release|Any CPU
		{841C8525-554D-4C23-93B0-1EF6BD638029}.Release|x64.ActiveCfg = Release|Any CPU
		{841C8525-554D-4C23-93B0-1EF6BD638029}.Release|x86.ActiveCfg = Release|Any CPU
		{86B6087A-8B3B-4C1B-8B74-5A032EB4942D}.Debug|.NET.ActiveCfg = Debug|Any CPU
		{86B6087A-8B3B-4C1B-8B74-5A032EB4942D}.Debug|Any CPU.ActiveCfg = Debug|Any CPU
		{86B6087A-8B3B-4C1B-8B74-5A032EB4942D}.Debug|Any CPU.Build.0 = Debug|Any CPU
		{86B6087A-8B3B-4C1B-8B74-5A032EB4942D}.Debug|Mixed Platforms.ActiveCfg = Debug|Any CPU
		{86B6087A-8B3B-4C1B-8B74-5A032EB4942D}.Debug|Mixed Platforms.Build.0 = Debug|Any CPU
		{86B6087A-8B3B-4C1B-8B74-5A032EB4942D}.Debug|x64.ActiveCfg = Debug|Any CPU
		{86B6087A-8B3B-4C1B-8B74-5A032EB4942D}.Debug|x86.ActiveCfg = Debug|Any CPU
		{86B6087A-8B3B-4C1B-8B74-5A032EB4942D}.Release|.NET.ActiveCfg = Release|Any CPU
		{86B6087A-8B3B-4C1B-8B74-5A032EB4942D}.Release|Any CPU.ActiveCfg = Release|Any CPU
		{86B6087A-8B3B-4C1B-8B74-5A032EB4942D}.Release|Any CPU.Build.0 = Release|Any CPU
		{86B6087A-8B3B-4C1B-8B74-5A032EB4942D}.Release|Mixed Platforms.ActiveCfg = Release|Any CPU
		{86B6087A-8B3B-4C1B-8B74-5A032EB4942D}.Release|Mixed Platforms.Build.0 = Release|Any CPU
		{86B6087A-8B3B-4C1B-8B74-5A032EB4942D}.Release|x64.ActiveCfg = Release|Any CPU
		{86B6087A-8B3B-4C1B-8B74-5A032EB4942D}.Release|x86.ActiveCfg = Release|Any CPU
		{90BF1FF8-2019-477E-BA4C-9692E21BB2BA}.Debug|.NET.ActiveCfg = Debug|Any CPU
		{90BF1FF8-2019-477E-BA4C-9692E21BB2BA}.Debug|Any CPU.ActiveCfg = Debug|Any CPU
		{90BF1FF8-2019-477E-BA4C-9692E21BB2BA}.Debug|Any CPU.Build.0 = Debug|Any CPU
		{90BF1FF8-2019-477E-BA4C-9692E21BB2BA}.Debug|Mixed Platforms.ActiveCfg = Debug|Any CPU
		{90BF1FF8-2019-477E-BA4C-9692E21BB2BA}.Debug|Mixed Platforms.Build.0 = Debug|Any CPU
		{90BF1FF8-2019-477E-BA4C-9692E21BB2BA}.Debug|x64.ActiveCfg = Debug|Any CPU
		{90BF1FF8-2019-477E-BA4C-9692E21BB2BA}.Debug|x86.ActiveCfg = Debug|Any CPU
		{90BF1FF8-2019-477E-BA4C-9692E21BB2BA}.Release|.NET.ActiveCfg = Release|Any CPU
		{90BF1FF8-2019-477E-BA4C-9692E21BB2BA}.Release|Any CPU.ActiveCfg = Release|Any CPU
		{90BF1FF8-2019-477E-BA4C-9692E21BB2BA}.Release|Any CPU.Build.0 = Release|Any CPU
		{90BF1FF8-2019-477E-BA4C-9692E21BB2BA}.Release|Mixed Platforms.ActiveCfg = Release|Any CPU
		{90BF1FF8-2019-477E-BA4C-9692E21BB2BA}.Release|Mixed Platforms.Build.0 = Release|Any CPU
		{90BF1FF8-2019-477E-BA4C-9692E21BB2BA}.Release|x64.ActiveCfg = Release|Any CPU
		{90BF1FF8-2019-477E-BA4C-9692E21BB2BA}.Release|x86.ActiveCfg = Release|Any CPU
		{9273622C-ED09-46B4-A92F-22678C9DC984}.Debug|.NET.ActiveCfg = Debug|Any CPU
		{9273622C-ED09-46B4-A92F-22678C9DC984}.Debug|Any CPU.ActiveCfg = Debug|Any CPU
		{9273622C-ED09-46B4-A92F-22678C9DC984}.Debug|Any CPU.Build.0 = Debug|Any CPU
		{9273622C-ED09-46B4-A92F-22678C9DC984}.Debug|Mixed Platforms.ActiveCfg = Debug|Any CPU
		{9273622C-ED09-46B4-A92F-22678C9DC984}.Debug|Mixed Platforms.Build.0 = Debug|Any CPU
		{9273622C-ED09-46B4-A92F-22678C9DC984}.Debug|x64.ActiveCfg = Debug|Any CPU
		{9273622C-ED09-46B4-A92F-22678C9DC984}.Debug|x86.ActiveCfg = Debug|Any CPU
		{9273622C-ED09-46B4-A92F-22678C9DC984}.Release|.NET.ActiveCfg = Release|Any CPU
		{9273622C-ED09-46B4-A92F-22678C9DC984}.Release|Any CPU.ActiveCfg = Release|Any CPU
		{9273622C-ED09-46B4-A92F-22678C9DC984}.Release|Any CPU.Build.0 = Release|Any CPU
		{9273622C-ED09-46B4-A92F-22678C9DC984}.Release|Mixed Platforms.ActiveCfg = Release|Any CPU
		{9273622C-ED09-46B4-A92F-22678C9DC984}.Release|Mixed Platforms.Build.0 = Release|Any CPU
		{9273622C-ED09-46B4-A92F-22678C9DC984}.Release|x64.ActiveCfg = Release|Any CPU
		{9273622C-ED09-46B4-A92F-22678C9DC984}.Release|x86.ActiveCfg = Release|Any CPU
		{A075E415-E2A9-4A87-8C02-5E55419DC3D4}.Debug|.NET.ActiveCfg = Debug|Any CPU
		{A075E415-E2A9-4A87-8C02-5E55419DC3D4}.Debug|Any CPU.ActiveCfg = Debug|Any CPU
		{A075E415-E2A9-4A87-8C02-5E55419DC3D4}.Debug|Any CPU.Build.0 = Debug|Any CPU
		{A075E415-E2A9-4A87-8C02-5E55419DC3D4}.Debug|Mixed Platforms.ActiveCfg = Debug|Any CPU
		{A075E415-E2A9-4A87-8C02-5E55419DC3D4}.Debug|Mixed Platforms.Build.0 = Debug|Any CPU
		{A075E415-E2A9-4A87-8C02-5E55419DC3D4}.Debug|x64.ActiveCfg = Debug|Any CPU
		{A075E415-E2A9-4A87-8C02-5E55419DC3D4}.Debug|x86.ActiveCfg = Debug|Any CPU
		{A075E415-E2A9-4A87-8C02-5E55419DC3D4}.Release|.NET.ActiveCfg = Release|Any CPU
		{A075E415-E2A9-4A87-8C02-5E55419DC3D4}.Release|Any CPU.ActiveCfg = Release|Any CPU
		{A075E415-E2A9-4A87-8C02-5E55419DC3D4}.Release|Any CPU.Build.0 = Release|Any CPU
		{A075E415-E2A9-4A87-8C02-5E55419DC3D4}.Release|Mixed Platforms.ActiveCfg = Release|Any CPU
		{A075E415-E2A9-4A87-8C02-5E55419DC3D4}.Release|Mixed Platforms.Build.0 = Release|Any CPU
		{A075E415-E2A9-4A87-8C02-5E55419DC3D4}.Release|x64.ActiveCfg = Release|Any CPU
		{A075E415-E2A9-4A87-8C02-5E55419DC3D4}.Release|x86.ActiveCfg = Release|Any CPU
		{A1705AC2-CEDD-439C-A64A-384D3DA0E979}.Debug|.NET.ActiveCfg = Debug|Any CPU
		{A1705AC2-CEDD-439C-A64A-384D3DA0E979}.Debug|Any CPU.ActiveCfg = Debug|Any CPU
		{A1705AC2-CEDD-439C-A64A-384D3DA0E979}.Debug|Any CPU.Build.0 = Debug|Any CPU
		{A1705AC2-CEDD-439C-A64A-384D3DA0E979}.Debug|Mixed Platforms.ActiveCfg = Debug|Any CPU
		{A1705AC2-CEDD-439C-A64A-384D3DA0E979}.Debug|Mixed Platforms.Build.0 = Debug|Any CPU
		{A1705AC2-CEDD-439C-A64A-384D3DA0E979}.Debug|x64.ActiveCfg = Debug|Any CPU
		{A1705AC2-CEDD-439C-A64A-384D3DA0E979}.Debug|x86.ActiveCfg = Debug|Any CPU
		{A1705AC2-CEDD-439C-A64A-384D3DA0E979}.Release|.NET.ActiveCfg = Release|Any CPU
		{A1705AC2-CEDD-439C-A64A-384D3DA0E979}.Release|Any CPU.ActiveCfg = Release|Any CPU
		{A1705AC2-CEDD-439C-A64A-384D3DA0E979}.Release|Any CPU.Build.0 = Release|Any CPU
		{A1705AC2-CEDD-439C-A64A-384D3DA0E979}.Release|Mixed Platforms.ActiveCfg = Release|Any CPU
		{A1705AC2-CEDD-439C-A64A-384D3DA0E979}.Release|Mixed Platforms.Build.0 = Release|Any CPU
		{A1705AC2-CEDD-439C-A64A-384D3DA0E979}.Release|x64.ActiveCfg = Release|Any CPU
		{A1705AC2-CEDD-439C-A64A-384D3DA0E979}.Release|x86.ActiveCfg = Release|Any CPU
		{A4934B25-370A-4167-A682-D737707BAE0D}.Debug|.NET.ActiveCfg = Debug|Any CPU
		{A4934B25-370A-4167-A682-D737707BAE0D}.Debug|Any CPU.ActiveCfg = Debug|Any CPU
		{A4934B25-370A-4167-A682-D737707BAE0D}.Debug|Any CPU.Build.0 = Debug|Any CPU
		{A4934B25-370A-4167-A682-D737707BAE0D}.Debug|Mixed Platforms.ActiveCfg = Debug|Any CPU
		{A4934B25-370A-4167-A682-D737707BAE0D}.Debug|Mixed Platforms.Build.0 = Debug|Any CPU
		{A4934B25-370A-4167-A682-D737707BAE0D}.Debug|x64.ActiveCfg = Debug|Any CPU
		{A4934B25-370A-4167-A682-D737707BAE0D}.Debug|x86.ActiveCfg = Debug|Any CPU
		{A4934B25-370A-4167-A682-D737707BAE0D}.Release|.NET.ActiveCfg = Release|Any CPU
		{A4934B25-370A-4167-A682-D737707BAE0D}.Release|Any CPU.ActiveCfg = Release|Any CPU
		{A4934B25-370A-4167-A682-D737707BAE0D}.Release|Any CPU.Build.0 = Release|Any CPU
		{A4934B25-370A-4167-A682-D737707BAE0D}.Release|Mixed Platforms.ActiveCfg = Release|Any CPU
		{A4934B25-370A-4167-A682-D737707BAE0D}.Release|Mixed Platforms.Build.0 = Release|Any CPU
		{A4934B25-370A-4167-A682-D737707BAE0D}.Release|x64.ActiveCfg = Release|Any CPU
		{A4934B25-370A-4167-A682-D737707BAE0D}.Release|x86.ActiveCfg = Release|Any CPU
		{A7AD5CE1-4F37-48B3-849C-FDD7F4682169}.Debug|.NET.ActiveCfg = Debug|Any CPU
		{A7AD5CE1-4F37-48B3-849C-FDD7F4682169}.Debug|Any CPU.ActiveCfg = Debug|Any CPU
		{A7AD5CE1-4F37-48B3-849C-FDD7F4682169}.Debug|Any CPU.Build.0 = Debug|Any CPU
		{A7AD5CE1-4F37-48B3-849C-FDD7F4682169}.Debug|Mixed Platforms.ActiveCfg = Debug|Any CPU
		{A7AD5CE1-4F37-48B3-849C-FDD7F4682169}.Debug|Mixed Platforms.Build.0 = Debug|Any CPU
		{A7AD5CE1-4F37-48B3-849C-FDD7F4682169}.Debug|x64.ActiveCfg = Debug|Any CPU
		{A7AD5CE1-4F37-48B3-849C-FDD7F4682169}.Debug|x86.ActiveCfg = Debug|Any CPU
		{A7AD5CE1-4F37-48B3-849C-FDD7F4682169}.Release|.NET.ActiveCfg = Release|Any CPU
		{A7AD5CE1-4F37-48B3-849C-FDD7F4682169}.Release|Any CPU.ActiveCfg = Release|Any CPU
		{A7AD5CE1-4F37-48B3-849C-FDD7F4682169}.Release|Any CPU.Build.0 = Release|Any CPU
		{A7AD5CE1-4F37-48B3-849C-FDD7F4682169}.Release|Mixed Platforms.ActiveCfg = Release|Any CPU
		{A7AD5CE1-4F37-48B3-849C-FDD7F4682169}.Release|Mixed Platforms.Build.0 = Release|Any CPU
		{A7AD5CE1-4F37-48B3-849C-FDD7F4682169}.Release|x64.ActiveCfg = Release|Any CPU
		{A7AD5CE1-4F37-48B3-849C-FDD7F4682169}.Release|x86.ActiveCfg = Release|Any CPU
		{AD8E9164-82EC-4B0C-8D76-CE44ABED9537}.Debug|.NET.ActiveCfg = Debug|Any CPU
		{AD8E9164-82EC-4B0C-8D76-CE44ABED9537}.Debug|Any CPU.ActiveCfg = Debug|Any CPU
		{AD8E9164-82EC-4B0C-8D76-CE44ABED9537}.Debug|Any CPU.Build.0 = Debug|Any CPU
		{AD8E9164-82EC-4B0C-8D76-CE44ABED9537}.Debug|Mixed Platforms.ActiveCfg = Debug|Any CPU
		{AD8E9164-82EC-4B0C-8D76-CE44ABED9537}.Debug|Mixed Platforms.Build.0 = Debug|Any CPU
		{AD8E9164-82EC-4B0C-8D76-CE44ABED9537}.Debug|x64.ActiveCfg = Debug|Any CPU
		{AD8E9164-82EC-4B0C-8D76-CE44ABED9537}.Debug|x86.ActiveCfg = Debug|Any CPU
		{AD8E9164-82EC-4B0C-8D76-CE44ABED9537}.Release|.NET.ActiveCfg = Release|Any CPU
		{AD8E9164-82EC-4B0C-8D76-CE44ABED9537}.Release|Any CPU.ActiveCfg = Release|Any CPU
		{AD8E9164-82EC-4B0C-8D76-CE44ABED9537}.Release|Any CPU.Build.0 = Release|Any CPU
		{AD8E9164-82EC-4B0C-8D76-CE44ABED9537}.Release|Mixed Platforms.ActiveCfg = Release|Any CPU
		{AD8E9164-82EC-4B0C-8D76-CE44ABED9537}.Release|Mixed Platforms.Build.0 = Release|Any CPU
		{AD8E9164-82EC-4B0C-8D76-CE44ABED9537}.Release|x64.ActiveCfg = Release|Any CPU
		{AD8E9164-82EC-4B0C-8D76-CE44ABED9537}.Release|x86.ActiveCfg = Release|Any CPU
		{AEC319D2-6DBA-468B-B6CB-C7F236FA221C}.Debug|.NET.ActiveCfg = Debug|Any CPU
		{AEC319D2-6DBA-468B-B6CB-C7F236FA221C}.Debug|Any CPU.ActiveCfg = Debug|Any CPU
		{AEC319D2-6DBA-468B-B6CB-C7F236FA221C}.Debug|Any CPU.Build.0 = Debug|Any CPU
		{AEC319D2-6DBA-468B-B6CB-C7F236FA221C}.Debug|Mixed Platforms.ActiveCfg = Debug|Any CPU
		{AEC319D2-6DBA-468B-B6CB-C7F236FA221C}.Debug|Mixed Platforms.Build.0 = Debug|Any CPU
		{AEC319D2-6DBA-468B-B6CB-C7F236FA221C}.Debug|x64.ActiveCfg = Debug|Any CPU
		{AEC319D2-6DBA-468B-B6CB-C7F236FA221C}.Debug|x86.ActiveCfg = Debug|Any CPU
		{AEC319D2-6DBA-468B-B6CB-C7F236FA221C}.Release|.NET.ActiveCfg = Release|Any CPU
		{AEC319D2-6DBA-468B-B6CB-C7F236FA221C}.Release|Any CPU.ActiveCfg = Release|Any CPU
		{AEC319D2-6DBA-468B-B6CB-C7F236FA221C}.Release|Any CPU.Build.0 = Release|Any CPU
		{AEC319D2-6DBA-468B-B6CB-C7F236FA221C}.Release|Mixed Platforms.ActiveCfg = Release|Any CPU
		{AEC319D2-6DBA-468B-B6CB-C7F236FA221C}.Release|Mixed Platforms.Build.0 = Release|Any CPU
		{AEC319D2-6DBA-468B-B6CB-C7F236FA221C}.Release|x64.ActiveCfg = Release|Any CPU
		{AEC319D2-6DBA-468B-B6CB-C7F236FA221C}.Release|x86.ActiveCfg = Release|Any CPU
		{BABA04F0-90FF-4C41-A802-6480B057981E}.Debug|.NET.ActiveCfg = Debug|Any CPU
		{BABA04F0-90FF-4C41-A802-6480B057981E}.Debug|Any CPU.ActiveCfg = Debug|Any CPU
		{BABA04F0-90FF-4C41-A802-6480B057981E}.Debug|Any CPU.Build.0 = Debug|Any CPU
		{BABA04F0-90FF-4C41-A802-6480B057981E}.Debug|Mixed Platforms.ActiveCfg = Debug|Any CPU
		{BABA04F0-90FF-4C41-A802-6480B057981E}.Debug|Mixed Platforms.Build.0 = Debug|Any CPU
		{BABA04F0-90FF-4C41-A802-6480B057981E}.Debug|x64.ActiveCfg = Debug|Any CPU
		{BABA04F0-90FF-4C41-A802-6480B057981E}.Debug|x86.ActiveCfg = Debug|Any CPU
		{BABA04F0-90FF-4C41-A802-6480B057981E}.Release|.NET.ActiveCfg = Release|Any CPU
		{BABA04F0-90FF-4C41-A802-6480B057981E}.Release|Any CPU.ActiveCfg = Release|Any CPU
		{BABA04F0-90FF-4C41-A802-6480B057981E}.Release|Any CPU.Build.0 = Release|Any CPU
		{BABA04F0-90FF-4C41-A802-6480B057981E}.Release|Mixed Platforms.ActiveCfg = Release|Any CPU
		{BABA04F0-90FF-4C41-A802-6480B057981E}.Release|Mixed Platforms.Build.0 = Release|Any CPU
		{BABA04F0-90FF-4C41-A802-6480B057981E}.Release|x64.ActiveCfg = Release|Any CPU
		{BABA04F0-90FF-4C41-A802-6480B057981E}.Release|x86.ActiveCfg = Release|Any CPU
		{BE63A25E-7CCC-43A0-AB97-01840F77DBD9}.Debug|.NET.ActiveCfg = Debug|Any CPU
		{BE63A25E-7CCC-43A0-AB97-01840F77DBD9}.Debug|Any CPU.ActiveCfg = Debug|Any CPU
		{BE63A25E-7CCC-43A0-AB97-01840F77DBD9}.Debug|Any CPU.Build.0 = Debug|Any CPU
		{BE63A25E-7CCC-43A0-AB97-01840F77DBD9}.Debug|Mixed Platforms.ActiveCfg = Debug|Any CPU
		{BE63A25E-7CCC-43A0-AB97-01840F77DBD9}.Debug|Mixed Platforms.Build.0 = Debug|Any CPU
		{BE63A25E-7CCC-43A0-AB97-01840F77DBD9}.Debug|x64.ActiveCfg = Debug|Any CPU
		{BE63A25E-7CCC-43A0-AB97-01840F77DBD9}.Debug|x86.ActiveCfg = Debug|Any CPU
		{BE63A25E-7CCC-43A0-AB97-01840F77DBD9}.Release|.NET.ActiveCfg = Release|Any CPU
		{BE63A25E-7CCC-43A0-AB97-01840F77DBD9}.Release|Any CPU.ActiveCfg = Release|Any CPU
		{BE63A25E-7CCC-43A0-AB97-01840F77DBD9}.Release|Any CPU.Build.0 = Release|Any CPU
		{BE63A25E-7CCC-43A0-AB97-01840F77DBD9}.Release|Mixed Platforms.ActiveCfg = Release|Any CPU
		{BE63A25E-7CCC-43A0-AB97-01840F77DBD9}.Release|Mixed Platforms.Build.0 = Release|Any CPU
		{BE63A25E-7CCC-43A0-AB97-01840F77DBD9}.Release|x64.ActiveCfg = Release|Any CPU
		{BE63A25E-7CCC-43A0-AB97-01840F77DBD9}.Release|x86.ActiveCfg = Release|Any CPU
		{C5A320B4-2D73-463D-8E73-0C91349EA67F}.Debug|.NET.ActiveCfg = Debug|Any CPU
		{C5A320B4-2D73-463D-8E73-0C91349EA67F}.Debug|Any CPU.ActiveCfg = Debug|Any CPU
		{C5A320B4-2D73-463D-8E73-0C91349EA67F}.Debug|Any CPU.Build.0 = Debug|Any CPU
		{C5A320B4-2D73-463D-8E73-0C91349EA67F}.Debug|Mixed Platforms.ActiveCfg = Debug|Any CPU
		{C5A320B4-2D73-463D-8E73-0C91349EA67F}.Debug|Mixed Platforms.Build.0 = Debug|Any CPU
		{C5A320B4-2D73-463D-8E73-0C91349EA67F}.Debug|x64.ActiveCfg = Debug|Any CPU
		{C5A320B4-2D73-463D-8E73-0C91349EA67F}.Debug|x86.ActiveCfg = Debug|Any CPU
		{C5A320B4-2D73-463D-8E73-0C91349EA67F}.Release|.NET.ActiveCfg = Release|Any CPU
		{C5A320B4-2D73-463D-8E73-0C91349EA67F}.Release|Any CPU.ActiveCfg = Release|Any CPU
		{C5A320B4-2D73-463D-8E73-0C91349EA67F}.Release|Any CPU.Build.0 = Release|Any CPU
		{C5A320B4-2D73-463D-8E73-0C91349EA67F}.Release|Mixed Platforms.ActiveCfg = Release|Any CPU
		{C5A320B4-2D73-463D-8E73-0C91349EA67F}.Release|Mixed Platforms.Build.0 = Release|Any CPU
		{C5A320B4-2D73-463D-8E73-0C91349EA67F}.Release|x64.ActiveCfg = Release|Any CPU
		{C5A320B4-2D73-463D-8E73-0C91349EA67F}.Release|x86.ActiveCfg = Release|Any CPU
		{C9F10DCD-6BEB-480D-9E79-8F1734C6BB99}.Debug|.NET.ActiveCfg = Debug|Any CPU
		{C9F10DCD-6BEB-480D-9E79-8F1734C6BB99}.Debug|Any CPU.ActiveCfg = Debug|Any CPU
		{C9F10DCD-6BEB-480D-9E79-8F1734C6BB99}.Debug|Any CPU.Build.0 = Debug|Any CPU
		{C9F10DCD-6BEB-480D-9E79-8F1734C6BB99}.Debug|Mixed Platforms.ActiveCfg = Debug|Any CPU
		{C9F10DCD-6BEB-480D-9E79-8F1734C6BB99}.Debug|Mixed Platforms.Build.0 = Debug|Any CPU
		{C9F10DCD-6BEB-480D-9E79-8F1734C6BB99}.Debug|x64.ActiveCfg = Debug|Any CPU
		{C9F10DCD-6BEB-480D-9E79-8F1734C6BB99}.Debug|x86.ActiveCfg = Debug|Any CPU
		{C9F10DCD-6BEB-480D-9E79-8F1734C6BB99}.Release|.NET.ActiveCfg = Release|Any CPU
		{C9F10DCD-6BEB-480D-9E79-8F1734C6BB99}.Release|Any CPU.ActiveCfg = Release|Any CPU
		{C9F10DCD-6BEB-480D-9E79-8F1734C6BB99}.Release|Any CPU.Build.0 = Release|Any CPU
		{C9F10DCD-6BEB-480D-9E79-8F1734C6BB99}.Release|Mixed Platforms.ActiveCfg = Release|Any CPU
		{C9F10DCD-6BEB-480D-9E79-8F1734C6BB99}.Release|Mixed Platforms.Build.0 = Release|Any CPU
		{C9F10DCD-6BEB-480D-9E79-8F1734C6BB99}.Release|x64.ActiveCfg = Release|Any CPU
		{C9F10DCD-6BEB-480D-9E79-8F1734C6BB99}.Release|x86.ActiveCfg = Release|Any CPU
		{D405343F-156A-43C8-84DB-9B5F45ED3D0D}.Debug|.NET.ActiveCfg = Debug|Any CPU
		{D405343F-156A-43C8-84DB-9B5F45ED3D0D}.Debug|Any CPU.ActiveCfg = Debug|Any CPU
		{D405343F-156A-43C8-84DB-9B5F45ED3D0D}.Debug|Any CPU.Build.0 = Debug|Any CPU
		{D405343F-156A-43C8-84DB-9B5F45ED3D0D}.Debug|Mixed Platforms.ActiveCfg = Debug|Any CPU
		{D405343F-156A-43C8-84DB-9B5F45ED3D0D}.Debug|Mixed Platforms.Build.0 = Debug|Any CPU
		{D405343F-156A-43C8-84DB-9B5F45ED3D0D}.Debug|x64.ActiveCfg = Debug|Any CPU
		{D405343F-156A-43C8-84DB-9B5F45ED3D0D}.Debug|x86.ActiveCfg = Debug|Any CPU
		{D405343F-156A-43C8-84DB-9B5F45ED3D0D}.Release|.NET.ActiveCfg = Release|Any CPU
		{D405343F-156A-43C8-84DB-9B5F45ED3D0D}.Release|Any CPU.ActiveCfg = Release|Any CPU
		{D405343F-156A-43C8-84DB-9B5F45ED3D0D}.Release|Any CPU.Build.0 = Release|Any CPU
		{D405343F-156A-43C8-84DB-9B5F45ED3D0D}.Release|Mixed Platforms.ActiveCfg = Release|Any CPU
		{D405343F-156A-43C8-84DB-9B5F45ED3D0D}.Release|Mixed Platforms.Build.0 = Release|Any CPU
		{D405343F-156A-43C8-84DB-9B5F45ED3D0D}.Release|x64.ActiveCfg = Release|Any CPU
		{D405343F-156A-43C8-84DB-9B5F45ED3D0D}.Release|x86.ActiveCfg = Release|Any CPU
		{D4BCA715-8959-4DDD-9F65-BF552B2054DA}.Debug|.NET.ActiveCfg = Debug|Any CPU
		{D4BCA715-8959-4DDD-9F65-BF552B2054DA}.Debug|Any CPU.ActiveCfg = Debug|Any CPU
		{D4BCA715-8959-4DDD-9F65-BF552B2054DA}.Debug|Any CPU.Build.0 = Debug|Any CPU
		{D4BCA715-8959-4DDD-9F65-BF552B2054DA}.Debug|Mixed Platforms.ActiveCfg = Debug|Any CPU
		{D4BCA715-8959-4DDD-9F65-BF552B2054DA}.Debug|Mixed Platforms.Build.0 = Debug|Any CPU
		{D4BCA715-8959-4DDD-9F65-BF552B2054DA}.Debug|x64.ActiveCfg = Debug|Any CPU
		{D4BCA715-8959-4DDD-9F65-BF552B2054DA}.Debug|x86.ActiveCfg = Debug|Any CPU
		{D4BCA715-8959-4DDD-9F65-BF552B2054DA}.Release|.NET.ActiveCfg = Release|Any CPU
		{D4BCA715-8959-4DDD-9F65-BF552B2054DA}.Release|Any CPU.ActiveCfg = Release|Any CPU
		{D4BCA715-8959-4DDD-9F65-BF552B2054DA}.Release|Any CPU.Build.0 = Release|Any CPU
		{D4BCA715-8959-4DDD-9F65-BF552B2054DA}.Release|Mixed Platforms.ActiveCfg = Release|Any CPU
		{D4BCA715-8959-4DDD-9F65-BF552B2054DA}.Release|Mixed Platforms.Build.0 = Release|Any CPU
		{D4BCA715-8959-4DDD-9F65-BF552B2054DA}.Release|x64.ActiveCfg = Release|Any CPU
		{D4BCA715-8959-4DDD-9F65-BF552B2054DA}.Release|x86.ActiveCfg = Release|Any CPU
		{D51BBA9F-7D58-4DFC-970D-696B3DCA2316}.Debug|.NET.ActiveCfg = Debug|Any CPU
		{D51BBA9F-7D58-4DFC-970D-696B3DCA2316}.Debug|Any CPU.ActiveCfg = Debug|Any CPU
		{D51BBA9F-7D58-4DFC-970D-696B3DCA2316}.Debug|Any CPU.Build.0 = Debug|Any CPU
		{D51BBA9F-7D58-4DFC-970D-696B3DCA2316}.Debug|Mixed Platforms.ActiveCfg = Debug|Any CPU
		{D51BBA9F-7D58-4DFC-970D-696B3DCA2316}.Debug|Mixed Platforms.Build.0 = Debug|Any CPU
		{D51BBA9F-7D58-4DFC-970D-696B3DCA2316}.Debug|x64.ActiveCfg = Debug|Any CPU
		{D51BBA9F-7D58-4DFC-970D-696B3DCA2316}.Debug|x86.ActiveCfg = Debug|Any CPU
		{D51BBA9F-7D58-4DFC-970D-696B3DCA2316}.Release|.NET.ActiveCfg = Release|Any CPU
		{D51BBA9F-7D58-4DFC-970D-696B3DCA2316}.Release|Any CPU.ActiveCfg = Release|Any CPU
		{D51BBA9F-7D58-4DFC-970D-696B3DCA2316}.Release|Any CPU.Build.0 = Release|Any CPU
		{D51BBA9F-7D58-4DFC-970D-696B3DCA2316}.Release|Mixed Platforms.ActiveCfg = Release|Any CPU
		{D51BBA9F-7D58-4DFC-970D-696B3DCA2316}.Release|Mixed Platforms.Build.0 = Release|Any CPU
		{D51BBA9F-7D58-4DFC-970D-696B3DCA2316}.Release|x64.ActiveCfg = Release|Any CPU
		{D51BBA9F-7D58-4DFC-970D-696B3DCA2316}.Release|x86.ActiveCfg = Release|Any CPU
		{D64E1ADD-94E8-4AE9-904C-5B2D65125F4B}.Debug|.NET.ActiveCfg = Debug|Any CPU
		{D64E1ADD-94E8-4AE9-904C-5B2D65125F4B}.Debug|Any CPU.ActiveCfg = Debug|Any CPU
		{D64E1ADD-94E8-4AE9-904C-5B2D65125F4B}.Debug|Any CPU.Build.0 = Debug|Any CPU
		{D64E1ADD-94E8-4AE9-904C-5B2D65125F4B}.Debug|Mixed Platforms.ActiveCfg = Debug|Any CPU
		{D64E1ADD-94E8-4AE9-904C-5B2D65125F4B}.Debug|Mixed Platforms.Build.0 = Debug|Any CPU
		{D64E1ADD-94E8-4AE9-904C-5B2D65125F4B}.Debug|x64.ActiveCfg = Debug|Any CPU
		{D64E1ADD-94E8-4AE9-904C-5B2D65125F4B}.Debug|x86.ActiveCfg = Debug|Any CPU
		{D64E1ADD-94E8-4AE9-904C-5B2D65125F4B}.Release|.NET.ActiveCfg = Release|Any CPU
		{D64E1ADD-94E8-4AE9-904C-5B2D65125F4B}.Release|Any CPU.ActiveCfg = Release|Any CPU
		{D64E1ADD-94E8-4AE9-904C-5B2D65125F4B}.Release|Any CPU.Build.0 = Release|Any CPU
		{D64E1ADD-94E8-4AE9-904C-5B2D65125F4B}.Release|Mixed Platforms.ActiveCfg = Release|Any CPU
		{D64E1ADD-94E8-4AE9-904C-5B2D65125F4B}.Release|Mixed Platforms.Build.0 = Release|Any CPU
		{D64E1ADD-94E8-4AE9-904C-5B2D65125F4B}.Release|x64.ActiveCfg = Release|Any CPU
		{D64E1ADD-94E8-4AE9-904C-5B2D65125F4B}.Release|x86.ActiveCfg = Release|Any CPU
		{E0DBF4F5-B3C7-4893-B4CF-4FF8EEE6260B}.Debug|.NET.ActiveCfg = Debug|Any CPU
		{E0DBF4F5-B3C7-4893-B4CF-4FF8EEE6260B}.Debug|Any CPU.ActiveCfg = Debug|Any CPU
		{E0DBF4F5-B3C7-4893-B4CF-4FF8EEE6260B}.Debug|Any CPU.Build.0 = Debug|Any CPU
		{E0DBF4F5-B3C7-4893-B4CF-4FF8EEE6260B}.Debug|Mixed Platforms.ActiveCfg = Debug|Any CPU
		{E0DBF4F5-B3C7-4893-B4CF-4FF8EEE6260B}.Debug|Mixed Platforms.Build.0 = Debug|Any CPU
		{E0DBF4F5-B3C7-4893-B4CF-4FF8EEE6260B}.Debug|x64.ActiveCfg = Debug|Any CPU
		{E0DBF4F5-B3C7-4893-B4CF-4FF8EEE6260B}.Debug|x86.ActiveCfg = Debug|Any CPU
		{E0DBF4F5-B3C7-4893-B4CF-4FF8EEE6260B}.Release|.NET.ActiveCfg = Release|Any CPU
		{E0DBF4F5-B3C7-4893-B4CF-4FF8EEE6260B}.Release|Any CPU.ActiveCfg = Release|Any CPU
		{E0DBF4F5-B3C7-4893-B4CF-4FF8EEE6260B}.Release|Any CPU.Build.0 = Release|Any CPU
		{E0DBF4F5-B3C7-4893-B4CF-4FF8EEE6260B}.Release|Mixed Platforms.ActiveCfg = Release|Any CPU
		{E0DBF4F5-B3C7-4893-B4CF-4FF8EEE6260B}.Release|Mixed Platforms.Build.0 = Release|Any CPU
		{E0DBF4F5-B3C7-4893-B4CF-4FF8EEE6260B}.Release|x64.ActiveCfg = Release|Any CPU
		{E0DBF4F5-B3C7-4893-B4CF-4FF8EEE6260B}.Release|x86.ActiveCfg = Release|Any CPU
		{E6108613-9857-457E-9ADA-2C6A50B68F39}.Debug|.NET.ActiveCfg = Debug|Any CPU
		{E6108613-9857-457E-9ADA-2C6A50B68F39}.Debug|Any CPU.ActiveCfg = Debug|Any CPU
		{E6108613-9857-457E-9ADA-2C6A50B68F39}.Debug|Any CPU.Build.0 = Debug|Any CPU
		{E6108613-9857-457E-9ADA-2C6A50B68F39}.Debug|Mixed Platforms.ActiveCfg = Debug|Any CPU
		{E6108613-9857-457E-9ADA-2C6A50B68F39}.Debug|Mixed Platforms.Build.0 = Debug|Any CPU
		{E6108613-9857-457E-9ADA-2C6A50B68F39}.Debug|x64.ActiveCfg = Debug|Any CPU
		{E6108613-9857-457E-9ADA-2C6A50B68F39}.Debug|x86.ActiveCfg = Debug|Any CPU
		{E6108613-9857-457E-9ADA-2C6A50B68F39}.Release|.NET.ActiveCfg = Release|Any CPU
		{E6108613-9857-457E-9ADA-2C6A50B68F39}.Release|Any CPU.ActiveCfg = Release|Any CPU
		{E6108613-9857-457E-9ADA-2C6A50B68F39}.Release|Any CPU.Build.0 = Release|Any CPU
		{E6108613-9857-457E-9ADA-2C6A50B68F39}.Release|Mixed Platforms.ActiveCfg = Release|Any CPU
		{E6108613-9857-457E-9ADA-2C6A50B68F39}.Release|Mixed Platforms.Build.0 = Release|Any CPU
		{E6108613-9857-457E-9ADA-2C6A50B68F39}.Release|x64.ActiveCfg = Release|Any CPU
		{E6108613-9857-457E-9ADA-2C6A50B68F39}.Release|x86.ActiveCfg = Release|Any CPU
		{E63C4CCC-ACE3-4541-A509-997FAD330DFB}.Debug|.NET.ActiveCfg = Debug|Any CPU
		{E63C4CCC-ACE3-4541-A509-997FAD330DFB}.Debug|Any CPU.ActiveCfg = Debug|Any CPU
		{E63C4CCC-ACE3-4541-A509-997FAD330DFB}.Debug|Any CPU.Build.0 = Debug|Any CPU
		{E63C4CCC-ACE3-4541-A509-997FAD330DFB}.Debug|Mixed Platforms.ActiveCfg = Debug|Any CPU
		{E63C4CCC-ACE3-4541-A509-997FAD330DFB}.Debug|Mixed Platforms.Build.0 = Debug|Any CPU
		{E63C4CCC-ACE3-4541-A509-997FAD330DFB}.Debug|x64.ActiveCfg = Debug|Any CPU
		{E63C4CCC-ACE3-4541-A509-997FAD330DFB}.Debug|x86.ActiveCfg = Debug|Any CPU
		{E63C4CCC-ACE3-4541-A509-997FAD330DFB}.Release|.NET.ActiveCfg = Release|Any CPU
		{E63C4CCC-ACE3-4541-A509-997FAD330DFB}.Release|Any CPU.ActiveCfg = Release|Any CPU
		{E63C4CCC-ACE3-4541-A509-997FAD330DFB}.Release|Any CPU.Build.0 = Release|Any CPU
		{E63C4CCC-ACE3-4541-A509-997FAD330DFB}.Release|Mixed Platforms.ActiveCfg = Release|Any CPU
		{E63C4CCC-ACE3-4541-A509-997FAD330DFB}.Release|Mixed Platforms.Build.0 = Release|Any CPU
		{E63C4CCC-ACE3-4541-A509-997FAD330DFB}.Release|x64.ActiveCfg = Release|Any CPU
		{E63C4CCC-ACE3-4541-A509-997FAD330DFB}.Release|x86.ActiveCfg = Release|Any CPU
		{EA8A2628-CE68-4162-AA1C-E28C50A22625}.Debug|.NET.ActiveCfg = Debug|Any CPU
		{EA8A2628-CE68-4162-AA1C-E28C50A22625}.Debug|Any CPU.ActiveCfg = Debug|Any CPU
		{EA8A2628-CE68-4162-AA1C-E28C50A22625}.Debug|Any CPU.Build.0 = Debug|Any CPU
		{EA8A2628-CE68-4162-AA1C-E28C50A22625}.Debug|Mixed Platforms.ActiveCfg = Debug|Any CPU
		{EA8A2628-CE68-4162-AA1C-E28C50A22625}.Debug|Mixed Platforms.Build.0 = Debug|Any CPU
		{EA8A2628-CE68-4162-AA1C-E28C50A22625}.Debug|x64.ActiveCfg = Debug|Any CPU
		{EA8A2628-CE68-4162-AA1C-E28C50A22625}.Debug|x86.ActiveCfg = Debug|Any CPU
		{EA8A2628-CE68-4162-AA1C-E28C50A22625}.Release|.NET.ActiveCfg = Release|Any CPU
		{EA8A2628-CE68-4162-AA1C-E28C50A22625}.Release|Any CPU.ActiveCfg = Release|Any CPU
		{EA8A2628-CE68-4162-AA1C-E28C50A22625}.Release|Any CPU.Build.0 = Release|Any CPU
		{EA8A2628-CE68-4162-AA1C-E28C50A22625}.Release|Mixed Platforms.ActiveCfg = Release|Any CPU
		{EA8A2628-CE68-4162-AA1C-E28C50A22625}.Release|Mixed Platforms.Build.0 = Release|Any CPU
		{EA8A2628-CE68-4162-AA1C-E28C50A22625}.Release|x64.ActiveCfg = Release|Any CPU
		{EA8A2628-CE68-4162-AA1C-E28C50A22625}.Release|x86.ActiveCfg = Release|Any CPU
		{F8E80703-F60A-444E-9882-C85830136C4A}.Debug|.NET.ActiveCfg = Debug|Any CPU
		{F8E80703-F60A-444E-9882-C85830136C4A}.Debug|Any CPU.ActiveCfg = Debug|Any CPU
		{F8E80703-F60A-444E-9882-C85830136C4A}.Debug|Any CPU.Build.0 = Debug|Any CPU
		{F8E80703-F60A-444E-9882-C85830136C4A}.Debug|Mixed Platforms.ActiveCfg = Debug|Any CPU
		{F8E80703-F60A-444E-9882-C85830136C4A}.Debug|Mixed Platforms.Build.0 = Debug|Any CPU
		{F8E80703-F60A-444E-9882-C85830136C4A}.Debug|x64.ActiveCfg = Debug|Any CPU
		{F8E80703-F60A-444E-9882-C85830136C4A}.Debug|x86.ActiveCfg = Debug|Any CPU
		{F8E80703-F60A-444E-9882-C85830136C4A}.Release|.NET.ActiveCfg = Release|Any CPU
		{F8E80703-F60A-444E-9882-C85830136C4A}.Release|Any CPU.ActiveCfg = Release|Any CPU
		{F8E80703-F60A-444E-9882-C85830136C4A}.Release|Any CPU.Build.0 = Release|Any CPU
		{F8E80703-F60A-444E-9882-C85830136C4A}.Release|Mixed Platforms.ActiveCfg = Release|Any CPU
		{F8E80703-F60A-444E-9882-C85830136C4A}.Release|Mixed Platforms.Build.0 = Release|Any CPU
		{F8E80703-F60A-444E-9882-C85830136C4A}.Release|x64.ActiveCfg = Release|Any CPU
		{F8E80703-F60A-444E-9882-C85830136C4A}.Release|x86.ActiveCfg = Release|Any CPU
		{FB702051-BBE4-47F4-85AC-2A706C343F94}.Debug|.NET.ActiveCfg = Debug|Any CPU
		{FB702051-BBE4-47F4-85AC-2A706C343F94}.Debug|Any CPU.ActiveCfg = Debug|Any CPU
		{FB702051-BBE4-47F4-85AC-2A706C343F94}.Debug|Any CPU.Build.0 = Debug|Any CPU
		{FB702051-BBE4-47F4-85AC-2A706C343F94}.Debug|Mixed Platforms.ActiveCfg = Debug|Any CPU
		{FB702051-BBE4-47F4-85AC-2A706C343F94}.Debug|Mixed Platforms.Build.0 = Debug|Any CPU
		{FB702051-BBE4-47F4-85AC-2A706C343F94}.Debug|x64.ActiveCfg = Debug|Any CPU
		{FB702051-BBE4-47F4-85AC-2A706C343F94}.Debug|x86.ActiveCfg = Debug|Any CPU
		{FB702051-BBE4-47F4-85AC-2A706C343F94}.Release|.NET.ActiveCfg = Release|Any CPU
		{FB702051-BBE4-47F4-85AC-2A706C343F94}.Release|Any CPU.ActiveCfg = Release|Any CPU
		{FB702051-BBE4-47F4-85AC-2A706C343F94}.Release|Any CPU.Build.0 = Release|Any CPU
		{FB702051-BBE4-47F4-85AC-2A706C343F94}.Release|Mixed Platforms.ActiveCfg = Release|Any CPU
		{FB702051-BBE4-47F4-85AC-2A706C343F94}.Release|Mixed Platforms.Build.0 = Release|Any CPU
		{FB702051-BBE4-47F4-85AC-2A706C343F94}.Release|x64.ActiveCfg = Release|Any CPU
		{FB702051-BBE4-47F4-85AC-2A706C343F94}.Release|x86.ActiveCfg = Release|Any CPU
		{FC80573B-C17A-4CE2-9D17-95CE701E5616}.Debug|.NET.ActiveCfg = Debug|Any CPU
		{FC80573B-C17A-4CE2-9D17-95CE701E5616}.Debug|Any CPU.ActiveCfg = Debug|Any CPU
		{FC80573B-C17A-4CE2-9D17-95CE701E5616}.Debug|Any CPU.Build.0 = Debug|Any CPU
		{FC80573B-C17A-4CE2-9D17-95CE701E5616}.Debug|Mixed Platforms.ActiveCfg = Debug|Any CPU
		{FC80573B-C17A-4CE2-9D17-95CE701E5616}.Debug|Mixed Platforms.Build.0 = Debug|Any CPU
		{FC80573B-C17A-4CE2-9D17-95CE701E5616}.Debug|x64.ActiveCfg = Debug|Any CPU
		{FC80573B-C17A-4CE2-9D17-95CE701E5616}.Debug|x86.ActiveCfg = Debug|Any CPU
		{FC80573B-C17A-4CE2-9D17-95CE701E5616}.Release|.NET.ActiveCfg = Release|Any CPU
		{FC80573B-C17A-4CE2-9D17-95CE701E5616}.Release|Any CPU.ActiveCfg = Release|Any CPU
		{FC80573B-C17A-4CE2-9D17-95CE701E5616}.Release|Any CPU.Build.0 = Release|Any CPU
		{FC80573B-C17A-4CE2-9D17-95CE701E5616}.Release|Mixed Platforms.ActiveCfg = Release|Any CPU
		{FC80573B-C17A-4CE2-9D17-95CE701E5616}.Release|Mixed Platforms.Build.0 = Release|Any CPU
		{FC80573B-C17A-4CE2-9D17-95CE701E5616}.Release|x64.ActiveCfg = Release|Any CPU
		{FC80573B-C17A-4CE2-9D17-95CE701E5616}.Release|x86.ActiveCfg = Release|Any CPU
		{FDE94D2C-3A45-4073-83EB-2A0D192DDDAF}.Debug|.NET.ActiveCfg = Debug|Any CPU
		{FDE94D2C-3A45-4073-83EB-2A0D192DDDAF}.Debug|Any CPU.ActiveCfg = Debug|Any CPU
		{FDE94D2C-3A45-4073-83EB-2A0D192DDDAF}.Debug|Any CPU.Build.0 = Debug|Any CPU
		{FDE94D2C-3A45-4073-83EB-2A0D192DDDAF}.Debug|Mixed Platforms.ActiveCfg = Debug|Any CPU
		{FDE94D2C-3A45-4073-83EB-2A0D192DDDAF}.Debug|Mixed Platforms.Build.0 = Debug|Any CPU
		{FDE94D2C-3A45-4073-83EB-2A0D192DDDAF}.Debug|x64.ActiveCfg = Debug|Any CPU
		{FDE94D2C-3A45-4073-83EB-2A0D192DDDAF}.Debug|x86.ActiveCfg = Debug|Any CPU
		{FDE94D2C-3A45-4073-83EB-2A0D192DDDAF}.Release|.NET.ActiveCfg = Release|Any CPU
		{FDE94D2C-3A45-4073-83EB-2A0D192DDDAF}.Release|Any CPU.ActiveCfg = Release|Any CPU
		{FDE94D2C-3A45-4073-83EB-2A0D192DDDAF}.Release|Any CPU.Build.0 = Release|Any CPU
		{FDE94D2C-3A45-4073-83EB-2A0D192DDDAF}.Release|Mixed Platforms.ActiveCfg = Release|Any CPU
		{FDE94D2C-3A45-4073-83EB-2A0D192DDDAF}.Release|Mixed Platforms.Build.0 = Release|Any CPU
		{FDE94D2C-3A45-4073-83EB-2A0D192DDDAF}.Release|x64.ActiveCfg = Release|Any CPU
		{FDE94D2C-3A45-4073-83EB-2A0D192DDDAF}.Release|x86.ActiveCfg = Release|Any CPU
		{32EAA34F-4A1A-4881-B3A5-E5ED0070B137}.Debug|.NET.ActiveCfg = Debug|Any CPU
		{32EAA34F-4A1A-4881-B3A5-E5ED0070B137}.Debug|Any CPU.ActiveCfg = Debug|Any CPU
		{32EAA34F-4A1A-4881-B3A5-E5ED0070B137}.Debug|Any CPU.Build.0 = Debug|Any CPU
		{32EAA34F-4A1A-4881-B3A5-E5ED0070B137}.Debug|Mixed Platforms.ActiveCfg = Debug|Any CPU
		{32EAA34F-4A1A-4881-B3A5-E5ED0070B137}.Debug|Mixed Platforms.Build.0 = Debug|Any CPU
		{32EAA34F-4A1A-4881-B3A5-E5ED0070B137}.Debug|x64.ActiveCfg = Debug|Any CPU
		{32EAA34F-4A1A-4881-B3A5-E5ED0070B137}.Debug|x86.ActiveCfg = Debug|Any CPU
		{32EAA34F-4A1A-4881-B3A5-E5ED0070B137}.Release|.NET.ActiveCfg = Debug|Any CPU
		{32EAA34F-4A1A-4881-B3A5-E5ED0070B137}.Release|Any CPU.ActiveCfg = Debug|Any CPU
		{32EAA34F-4A1A-4881-B3A5-E5ED0070B137}.Release|Any CPU.Build.0 = Debug|Any CPU
		{32EAA34F-4A1A-4881-B3A5-E5ED0070B137}.Release|Mixed Platforms.ActiveCfg = Debug|Any CPU
		{32EAA34F-4A1A-4881-B3A5-E5ED0070B137}.Release|Mixed Platforms.Build.0 = Debug|Any CPU
		{32EAA34F-4A1A-4881-B3A5-E5ED0070B137}.Release|x64.ActiveCfg = Debug|Any CPU
		{32EAA34F-4A1A-4881-B3A5-E5ED0070B137}.Release|x86.ActiveCfg = Debug|Any CPU
		{0933D504-BF0F-457B-AFF2-742588E8E37A}.Debug|.NET.ActiveCfg = Debug
		{0933D504-BF0F-457B-AFF2-742588E8E37A}.Debug|Any CPU.ActiveCfg = Debug
		{0933D504-BF0F-457B-AFF2-742588E8E37A}.Debug|Mixed Platforms.ActiveCfg = Debug
		{0933D504-BF0F-457B-AFF2-742588E8E37A}.Debug|x64.ActiveCfg = Debug
		{0933D504-BF0F-457B-AFF2-742588E8E37A}.Debug|x64.Build.0 = Debug
		{0933D504-BF0F-457B-AFF2-742588E8E37A}.Debug|x86.ActiveCfg = Debug
		{0933D504-BF0F-457B-AFF2-742588E8E37A}.Debug|x86.Build.0 = Debug
		{0933D504-BF0F-457B-AFF2-742588E8E37A}.Release|.NET.ActiveCfg = Release
		{0933D504-BF0F-457B-AFF2-742588E8E37A}.Release|Any CPU.ActiveCfg = Release
		{0933D504-BF0F-457B-AFF2-742588E8E37A}.Release|Mixed Platforms.ActiveCfg = Release
		{0933D504-BF0F-457B-AFF2-742588E8E37A}.Release|x64.ActiveCfg = Release
		{0933D504-BF0F-457B-AFF2-742588E8E37A}.Release|x64.Build.0 = Release
		{0933D504-BF0F-457B-AFF2-742588E8E37A}.Release|x86.ActiveCfg = Release
		{0933D504-BF0F-457B-AFF2-742588E8E37A}.Release|x86.Build.0 = Release
		{07BD7495-6D71-4FF7-9C4E-FBC6BE20CF29}.Debug|.NET.ActiveCfg = Debug
		{07BD7495-6D71-4FF7-9C4E-FBC6BE20CF29}.Debug|.NET.Build.0 = Debug
		{07BD7495-6D71-4FF7-9C4E-FBC6BE20CF29}.Debug|Any CPU.ActiveCfg = Debug
		{07BD7495-6D71-4FF7-9C4E-FBC6BE20CF29}.Debug|Mixed Platforms.ActiveCfg = Debug
		{07BD7495-6D71-4FF7-9C4E-FBC6BE20CF29}.Debug|x64.ActiveCfg = Debug
		{07BD7495-6D71-4FF7-9C4E-FBC6BE20CF29}.Debug|x64.Build.0 = Debug
		{07BD7495-6D71-4FF7-9C4E-FBC6BE20CF29}.Debug|x86.ActiveCfg = Debug
		{07BD7495-6D71-4FF7-9C4E-FBC6BE20CF29}.Debug|x86.Build.0 = Debug
		{07BD7495-6D71-4FF7-9C4E-FBC6BE20CF29}.Release|.NET.ActiveCfg = Release
		{07BD7495-6D71-4FF7-9C4E-FBC6BE20CF29}.Release|.NET.Build.0 = Release
		{07BD7495-6D71-4FF7-9C4E-FBC6BE20CF29}.Release|Any CPU.ActiveCfg = Release
		{07BD7495-6D71-4FF7-9C4E-FBC6BE20CF29}.Release|Mixed Platforms.ActiveCfg = Release
		{07BD7495-6D71-4FF7-9C4E-FBC6BE20CF29}.Release|x64.ActiveCfg = Release
		{07BD7495-6D71-4FF7-9C4E-FBC6BE20CF29}.Release|x64.Build.0 = Release
		{07BD7495-6D71-4FF7-9C4E-FBC6BE20CF29}.Release|x86.ActiveCfg = Release
		{07BD7495-6D71-4FF7-9C4E-FBC6BE20CF29}.Release|x86.Build.0 = Release
		{35A52759-77C3-4125-A4EF-26BDF7417FA5}.Debug|.NET.ActiveCfg = Debug|Any CPU
		{35A52759-77C3-4125-A4EF-26BDF7417FA5}.Debug|Any CPU.ActiveCfg = Debug|Any CPU
		{35A52759-77C3-4125-A4EF-26BDF7417FA5}.Debug|Any CPU.Build.0 = Debug|Any CPU
		{35A52759-77C3-4125-A4EF-26BDF7417FA5}.Debug|Mixed Platforms.ActiveCfg = Debug|Any CPU
		{35A52759-77C3-4125-A4EF-26BDF7417FA5}.Debug|Mixed Platforms.Build.0 = Debug|Any CPU
		{35A52759-77C3-4125-A4EF-26BDF7417FA5}.Debug|x64.ActiveCfg = Debug|Any CPU
		{35A52759-77C3-4125-A4EF-26BDF7417FA5}.Debug|x86.ActiveCfg = Debug|Any CPU
		{35A52759-77C3-4125-A4EF-26BDF7417FA5}.Release|.NET.ActiveCfg = Debug|Any CPU
		{35A52759-77C3-4125-A4EF-26BDF7417FA5}.Release|Any CPU.ActiveCfg = Debug|Any CPU
		{35A52759-77C3-4125-A4EF-26BDF7417FA5}.Release|Any CPU.Build.0 = Debug|Any CPU
		{35A52759-77C3-4125-A4EF-26BDF7417FA5}.Release|Mixed Platforms.ActiveCfg = Debug|Any CPU
		{35A52759-77C3-4125-A4EF-26BDF7417FA5}.Release|Mixed Platforms.Build.0 = Debug|Any CPU
		{35A52759-77C3-4125-A4EF-26BDF7417FA5}.Release|x64.ActiveCfg = Debug|Any CPU
		{35A52759-77C3-4125-A4EF-26BDF7417FA5}.Release|x86.ActiveCfg = Debug|Any CPU
		{F57CED9C-FC38-48F9-A9B6-647F7A4C9977}.Debug|.NET.ActiveCfg = Debug
		{F57CED9C-FC38-48F9-A9B6-647F7A4C9977}.Debug|Any CPU.ActiveCfg = Debug
		{F57CED9C-FC38-48F9-A9B6-647F7A4C9977}.Debug|Mixed Platforms.ActiveCfg = Debug
		{F57CED9C-FC38-48F9-A9B6-647F7A4C9977}.Debug|x64.ActiveCfg = Debug
		{F57CED9C-FC38-48F9-A9B6-647F7A4C9977}.Debug|x86.ActiveCfg = Debug
		{F57CED9C-FC38-48F9-A9B6-647F7A4C9977}.Release|.NET.ActiveCfg = Release
		{F57CED9C-FC38-48F9-A9B6-647F7A4C9977}.Release|Any CPU.ActiveCfg = Release
		{F57CED9C-FC38-48F9-A9B6-647F7A4C9977}.Release|Mixed Platforms.ActiveCfg = Release
		{F57CED9C-FC38-48F9-A9B6-647F7A4C9977}.Release|x64.ActiveCfg = Release
		{F57CED9C-FC38-48F9-A9B6-647F7A4C9977}.Release|x86.ActiveCfg = Release
		{13CA4F02-742F-476F-AABA-C572AAE86D9C}.Debug|.NET.ActiveCfg = Debug
		{13CA4F02-742F-476F-AABA-C572AAE86D9C}.Debug|Any CPU.ActiveCfg = Debug
		{13CA4F02-742F-476F-AABA-C572AAE86D9C}.Debug|Mixed Platforms.ActiveCfg = Debug
		{13CA4F02-742F-476F-AABA-C572AAE86D9C}.Debug|x64.ActiveCfg = Debug
		{13CA4F02-742F-476F-AABA-C572AAE86D9C}.Debug|x86.ActiveCfg = Debug
		{13CA4F02-742F-476F-AABA-C572AAE86D9C}.Release|.NET.ActiveCfg = Release
		{13CA4F02-742F-476F-AABA-C572AAE86D9C}.Release|Any CPU.ActiveCfg = Release
		{13CA4F02-742F-476F-AABA-C572AAE86D9C}.Release|Mixed Platforms.ActiveCfg = Release
		{13CA4F02-742F-476F-AABA-C572AAE86D9C}.Release|x64.ActiveCfg = Release
		{13CA4F02-742F-476F-AABA-C572AAE86D9C}.Release|x86.ActiveCfg = Release
	EndGlobalSection
	GlobalSection(NestedProjects) = preSolution
		{24C00348-8FF0-4A1F-95B0-6193EC79F8F4} = {41B60481-3422-4037-A838-E1FCAA575EA7}
		{0DE8AB60-32FE-4099-963C-127FD2544A5A} = {41B60481-3422-4037-A838-E1FCAA575EA7}
		{212BF800-7D04-4079-BB6B-EDEAF63D0454} = {41B60481-3422-4037-A838-E1FCAA575EA7}
		{FDE94D2C-3A45-4073-83EB-2A0D192DDDAF} = {41B60481-3422-4037-A838-E1FCAA575EA7}
		{769A6179-E09E-44C8-8530-F6B70B02298C} = {41B60481-3422-4037-A838-E1FCAA575EA7}
		{300E2662-0C07-4042-BF45-84711264C862} = {41B60481-3422-4037-A838-E1FCAA575EA7}
		{90BF1FF8-2019-477E-BA4C-9692E21BB2BA} = {41B60481-3422-4037-A838-E1FCAA575EA7}
		{D405343F-156A-43C8-84DB-9B5F45ED3D0D} = {41B60481-3422-4037-A838-E1FCAA575EA7}
		{093040B8-F352-40EE-8163-D9861932C3AC} = {45DC8A16-3686-462F-8C09-BD71A14736E8}
		{4173E8B6-641A-4ABF-9A38-FDCEE137C3A5} = {45DC8A16-3686-462F-8C09-BD71A14736E8}
		{E0DBF4F5-B3C7-4893-B4CF-4FF8EEE6260B} = {45DC8A16-3686-462F-8C09-BD71A14736E8}
		{10A8671E-DA68-4EC9-8058-74ABD72A18C1} = {45DC8A16-3686-462F-8C09-BD71A14736E8}
		{A075E415-E2A9-4A87-8C02-5E55419DC3D4} = {256CC5BF-8FF1-4C83-A877-EB07716EFEBC}
		{03834B3F-7A2D-4989-A7E8-FC1719BB4E24} = {256CC5BF-8FF1-4C83-A877-EB07716EFEBC}
		{E63C4CCC-ACE3-4541-A509-997FAD330DFB} = {256CC5BF-8FF1-4C83-A877-EB07716EFEBC}
		{28C9268B-EE44-42D0-B7F6-97FD74BDED07} = {256CC5BF-8FF1-4C83-A877-EB07716EFEBC}
		{841C8525-554D-4C23-93B0-1EF6BD638029} = {256CC5BF-8FF1-4C83-A877-EB07716EFEBC}
		{C5A320B4-2D73-463D-8E73-0C91349EA67F} = {256CC5BF-8FF1-4C83-A877-EB07716EFEBC}
		{9273622C-ED09-46B4-A92F-22678C9DC984} = {2636E759-1E4B-4362-90D1-B704406ACAB6}
		{49A6DA6E-EBB6-40E5-AB09-2FD5295EE351} = {2636E759-1E4B-4362-90D1-B704406ACAB6}
		{86B6087A-8B3B-4C1B-8B74-5A032EB4942D} = {A164A0EA-18B9-4E58-8DC3-43F1A7328650}
		{A1705AC2-CEDD-439C-A64A-384D3DA0E979} = {A164A0EA-18B9-4E58-8DC3-43F1A7328650}
		{0DFA7DC8-60D2-4679-A1DB-7E8D42549747} = {A164A0EA-18B9-4E58-8DC3-43F1A7328650}
		{7893E7FD-E5B4-4F68-A63E-7E155CD8C976} = {B7579624-324D-4E20-8DFC-7835D76C8532}
		{C9F10DCD-6BEB-480D-9E79-8F1734C6BB99} = {B7579624-324D-4E20-8DFC-7835D76C8532}
		{13F3BAB7-27FF-4391-A0FA-B56E84A12A20} = {B7579624-324D-4E20-8DFC-7835D76C8532}
		{00F8EF81-60F8-4027-920F-3487B984F055} = {B7579624-324D-4E20-8DFC-7835D76C8532}
		{BE63A25E-7CCC-43A0-AB97-01840F77DBD9} = {B7579624-324D-4E20-8DFC-7835D76C8532}
		{09111FCB-F5CC-48A8-9563-2023B2CD04CA} = {B7579624-324D-4E20-8DFC-7835D76C8532}
		{623E4743-2C7B-42B8-A131-A9AB98A6142D} = {B7579624-324D-4E20-8DFC-7835D76C8532}
		{FB702051-BBE4-47F4-85AC-2A706C343F94} = {2D063CE0-D903-4CA3-BF18-0F6FF141A6BF}
		{FC80573B-C17A-4CE2-9D17-95CE701E5616} = {2D063CE0-D903-4CA3-BF18-0F6FF141A6BF}
		{AEC319D2-6DBA-468B-B6CB-C7F236FA221C} = {2D063CE0-D903-4CA3-BF18-0F6FF141A6BF}
		{A4934B25-370A-4167-A682-D737707BAE0D} = {2D063CE0-D903-4CA3-BF18-0F6FF141A6BF}
		{E6108613-9857-457E-9ADA-2C6A50B68F39} = {2D063CE0-D903-4CA3-BF18-0F6FF141A6BF}
		{AD8E9164-82EC-4B0C-8D76-CE44ABED9537} = {2D063CE0-D903-4CA3-BF18-0F6FF141A6BF}
		{D4BCA715-8959-4DDD-9F65-BF552B2054DA} = {2D063CE0-D903-4CA3-BF18-0F6FF141A6BF}
		{33E8C909-58CC-4E76-89DA-9578B8CDB9B4} = {B85547EF-1F06-45AE-B3B3-F653918CE230}
		{D64E1ADD-94E8-4AE9-904C-5B2D65125F4B} = {DBD966AC-CCB1-40EC-97EA-47AFA55C46A6}
		{5BBCC460-64CF-45F4-A24A-66E931B092BE} = {A43006D0-5D9F-4845-B9F1-766113FAEEE2}
		{2CFFFCDF-678D-4B2B-947D-655DCCA38849} = {A43006D0-5D9F-4845-B9F1-766113FAEEE2}
		{F8E80703-F60A-444E-9882-C85830136C4A} = {A43006D0-5D9F-4845-B9F1-766113FAEEE2}
		{03413AF8-CCAE-48C5-BBAA-E9EB73750FAD} = {A43006D0-5D9F-4845-B9F1-766113FAEEE2}
		{A7AD5CE1-4F37-48B3-849C-FDD7F4682169} = {A43006D0-5D9F-4845-B9F1-766113FAEEE2}
	EndGlobalSection
	GlobalSection(MonoDevelopProperties) = preSolution
		StartupItem = Pub.Class\Pub.Class4.0_Mono.csproj
	EndGlobalSection
	GlobalSection(TestCaseManagementSettings) = postSolution
		CategoryFile = EntityTool5.3.vsmdi
	EndGlobalSection
	GlobalSection(SolutionProperties) = preSolution
		HideSolutionNode = FALSE
	EndGlobalSection
EndGlobal
